// !$*UTF8*$!
{
	archiveVersion = 1;
	classes = {
	};
	objectVersion = 52;
	objects = {

/* Begin PBXBuildFile section */
		950272CD2635AACD003E779D /* ToolbarMenu.swift in Sources */ = {isa = PBXBuildFile; fileRef = 950272CC2635AACD003E779D /* ToolbarMenu.swift */; };
		950857A7266BD12D005357BA /* BetterSafariView in Frameworks */ = {isa = PBXBuildFile; productRef = 950857A6266BD12D005357BA /* BetterSafariView */; };
		950857A9266BD2C6005357BA /* SFSafariViewWrapper.swift in Sources */ = {isa = PBXBuildFile; fileRef = 950857A8266BD2C6005357BA /* SFSafariViewWrapper.swift */; };
		950857D1266BE54B005357BA /* InsiderRow.swift in Sources */ = {isa = PBXBuildFile; fileRef = 950857D0266BE54B005357BA /* InsiderRow.swift */; };
		950857D3266BE55F005357BA /* RowShape.swift in Sources */ = {isa = PBXBuildFile; fileRef = 950857D2266BE55F005357BA /* RowShape.swift */; };
		950C36E3260FB6180081CF53 /* HapticsManager.swift in Sources */ = {isa = PBXBuildFile; fileRef = 950C36E2260FB6180081CF53 /* HapticsManager.swift */; };
		950C57132629EF9100F234FE /* LazyBearTests.swift in Sources */ = {isa = PBXBuildFile; fileRef = 950C57122629EF9100F234FE /* LazyBearTests.swift */; };
		950C57232629EFC200F234FE /* LazyBearUITests.swift in Sources */ = {isa = PBXBuildFile; fileRef = 950C57222629EFC200F234FE /* LazyBearUITests.swift */; };
		950D0E192618AA4900D17AD7 /* CompanyList.swift in Sources */ = {isa = PBXBuildFile; fileRef = 950D0E182618AA4900D17AD7 /* CompanyList.swift */; };
		950D0E292618AEC800D17AD7 /* SearchedCompanyItem.swift in Sources */ = {isa = PBXBuildFile; fileRef = 950D0E282618AEC800D17AD7 /* SearchedCompanyItem.swift */; };
		951490552610BD2B00BDEEB5 /* WelcomeView.swift in Sources */ = {isa = PBXBuildFile; fileRef = 951490542610BD2B00BDEEB5 /* WelcomeView.swift */; };
		951566E72613A2B6007C0F36 /* TradingDates.swift in Sources */ = {isa = PBXBuildFile; fileRef = 951566E62613A2B6007C0F36 /* TradingDates.swift */; };
		951566EA2613A37C007C0F36 /* TradingDatesItem.swift in Sources */ = {isa = PBXBuildFile; fileRef = 951566E92613A37C007C0F36 /* TradingDatesItem.swift */; };
		952045152610C7C600A76362 /* ConvertEpoch.swift in Sources */ = {isa = PBXBuildFile; fileRef = 952045142610C7C600A76362 /* ConvertEpoch.swift */; };
		9523ED422615BDB2006D3D6F /* phrases.json in Resources */ = {isa = PBXBuildFile; fileRef = 9523ED412615BDB2006D3D6F /* phrases.json */; };
		9526E56B266D34DF004B84EF /* StockCharts in Frameworks */ = {isa = PBXBuildFile; productRef = 9526E56A266D34DF004B84EF /* StockCharts */; };
		9529947E2629CA3E005F0AB0 /* Search.swift in Sources */ = {isa = PBXBuildFile; fileRef = 9529947D2629CA3E005F0AB0 /* Search.swift */; };
		952994822629CA46005F0AB0 /* SearchResponse.swift in Sources */ = {isa = PBXBuildFile; fileRef = 952994812629CA46005F0AB0 /* SearchResponse.swift */; };
		954D7EA7260BBA6600A13C50 /* WatchlistCompany+CoreDataClass.swift in Sources */ = {isa = PBXBuildFile; fileRef = 954D7EA5260BBA6600A13C50 /* WatchlistCompany+CoreDataClass.swift */; };
		954D7EA8260BBA6600A13C50 /* WatchlistCompany+CoreDataProperties.swift in Sources */ = {isa = PBXBuildFile; fileRef = 954D7EA6260BBA6600A13C50 /* WatchlistCompany+CoreDataProperties.swift */; };
		954D7EC2260BE70C00A13C50 /* SwiftlySearch in Frameworks */ = {isa = PBXBuildFile; productRef = 954D7EC1260BE70C00A13C50 /* SwiftlySearch */; };
		9550443A26111B2B000E0BCB /* HomeView.swift in Sources */ = {isa = PBXBuildFile; fileRef = 9550443926111B2B000E0BCB /* HomeView.swift */; };
		9550444326111E7A000E0BCB /* SectorRow.swift in Sources */ = {isa = PBXBuildFile; fileRef = 9550444226111E7A000E0BCB /* SectorRow.swift */; };
		9550444626111EE5000E0BCB /* SectorItem.swift in Sources */ = {isa = PBXBuildFile; fileRef = 9550444526111EE5000E0BCB /* SectorItem.swift */; };
		9550444926111FC9000E0BCB /* StockRow.swift in Sources */ = {isa = PBXBuildFile; fileRef = 9550444826111FC9000E0BCB /* StockRow.swift */; };
		9550444C26111FED000E0BCB /* StockItem.swift in Sources */ = {isa = PBXBuildFile; fileRef = 9550444B26111FED000E0BCB /* StockItem.swift */; };
		955E73392623568F005652FF /* Home.swift in Sources */ = {isa = PBXBuildFile; fileRef = 955E73382623568F005652FF /* Home.swift */; };
		955E733C262356F3005652FF /* HomeResponse.swift in Sources */ = {isa = PBXBuildFile; fileRef = 955E733B262356F3005652FF /* HomeResponse.swift */; };
		95602702265ABB440046F97E /* InsidersResponse.swift in Sources */ = {isa = PBXBuildFile; fileRef = 95602701265ABB440046F97E /* InsidersResponse.swift */; };
		95602704265ABB990046F97E /* InsiderRosterModel.swift in Sources */ = {isa = PBXBuildFile; fileRef = 95602703265ABB990046F97E /* InsiderRosterModel.swift */; };
		95602706265ABC660046F97E /* Insiders.swift in Sources */ = {isa = PBXBuildFile; fileRef = 95602705265ABC660046F97E /* Insiders.swift */; };
		95613AD9264FC5A900D4CE8F /* Company.swift in Sources */ = {isa = PBXBuildFile; fileRef = 95613AD8264FC5A900D4CE8F /* Company.swift */; };
		95613ADD264FC6A200D4CE8F /* ChartResponse.swift in Sources */ = {isa = PBXBuildFile; fileRef = 95613ADC264FC6A200D4CE8F /* ChartResponse.swift */; };
		95613ADF264FC6FD00D4CE8F /* LatestNewsModel.swift in Sources */ = {isa = PBXBuildFile; fileRef = 95613ADE264FC6FD00D4CE8F /* LatestNewsModel.swift */; };
		95613AE1264FD34100D4CE8F /* NewsRow.swift in Sources */ = {isa = PBXBuildFile; fileRef = 95613AE0264FD34100D4CE8F /* NewsRow.swift */; };
		9562404C263C766D00C6C511 /* WatchlistCreator.swift in Sources */ = {isa = PBXBuildFile; fileRef = 9562404B263C766D00C6C511 /* WatchlistCreator.swift */; };
		9562404E263C7D8800C6C511 /* WatchlistCreatorClass.swift in Sources */ = {isa = PBXBuildFile; fileRef = 9562404D263C7D8800C6C511 /* WatchlistCreatorClass.swift */; };
		95629DA02645298E007AF020 /* Profile.swift in Sources */ = {isa = PBXBuildFile; fileRef = 95629D9F2645298E007AF020 /* Profile.swift */; };
		95672B8F25DDA54700DCBE4A /* LazyBearApp.swift in Sources */ = {isa = PBXBuildFile; fileRef = 95672B8E25DDA54700DCBE4A /* LazyBearApp.swift */; };
		95672B9325DDA54700DCBE4A /* Assets.xcassets in Resources */ = {isa = PBXBuildFile; fileRef = 95672B9225DDA54700DCBE4A /* Assets.xcassets */; };
		95672B9625DDA54700DCBE4A /* Preview Assets.xcassets in Resources */ = {isa = PBXBuildFile; fileRef = 95672B9525DDA54700DCBE4A /* Preview Assets.xcassets */; };
		95672B9825DDA54700DCBE4A /* Persistence.swift in Sources */ = {isa = PBXBuildFile; fileRef = 95672B9725DDA54700DCBE4A /* Persistence.swift */; };
		95672B9B25DDA54800DCBE4A /* LazyBear.xcdatamodeld in Sources */ = {isa = PBXBuildFile; fileRef = 95672B9925DDA54800DCBE4A /* LazyBear.xcdatamodeld */; };
		95721DA6262761E700EC527B /* CurrencyRow.swift in Sources */ = {isa = PBXBuildFile; fileRef = 95721DA5262761E700EC527B /* CurrencyRow.swift */; };
		95721DB4262787EF00EC527B /* ExtensiveList.swift in Sources */ = {isa = PBXBuildFile; fileRef = 95721DB3262787EF00EC527B /* ExtensiveList.swift */; };
		95721DB826278EC100EC527B /* CurrencyListItem.swift in Sources */ = {isa = PBXBuildFile; fileRef = 95721DB726278EC100EC527B /* CurrencyListItem.swift */; };
		958A735225E0170900FD7ECA /* CloudKit.framework in Frameworks */ = {isa = PBXBuildFile; fileRef = 958A735125E0170900FD7ECA /* CloudKit.framework */; };
		9594331326691789004A0339 /* Bazooka in Frameworks */ = {isa = PBXBuildFile; productRef = 9594331226691789004A0339 /* Bazooka */; };
		9594F0402651355B00CFA8D4 /* HistoricalPricesModel.swift in Sources */ = {isa = PBXBuildFile; fileRef = 9594F03F2651355B00CFA8D4 /* HistoricalPricesModel.swift */; };
		95A07F6226305A9B009865AA /* CurrencyModel.swift in Sources */ = {isa = PBXBuildFile; fileRef = 95A07F6126305A9B009865AA /* CurrencyModel.swift */; };
		95A07F6C26305AC6009865AA /* QuoteModel.swift in Sources */ = {isa = PBXBuildFile; fileRef = 95A07F6B26305AC6009865AA /* QuoteModel.swift */; };
		95A07F7126305AD5009865AA /* SectorPerformanceModel.swift in Sources */ = {isa = PBXBuildFile; fileRef = 95A07F7026305AD5009865AA /* SectorPerformanceModel.swift */; };
		95A07F7626305AE3009865AA /* TradingDatesModel.swift in Sources */ = {isa = PBXBuildFile; fileRef = 95A07F7526305AE3009865AA /* TradingDatesModel.swift */; };
		95A4B930263E9F530056F036 /* WatchlistCreatorList.swift in Sources */ = {isa = PBXBuildFile; fileRef = 95A4B92F263E9F530056F036 /* WatchlistCreatorList.swift */; };
		95A4B933263E9F810056F036 /* Introspect in Frameworks */ = {isa = PBXBuildFile; productRef = 95A4B932263E9F810056F036 /* Introspect */; };
		95A4B935263EA31C0056F036 /* WatchlistCreatorSearchBar.swift in Sources */ = {isa = PBXBuildFile; fileRef = 95A4B934263EA31C0056F036 /* WatchlistCreatorSearchBar.swift */; };
		95A4B937263EA5C20056F036 /* WatchlistCreatorRow.swift in Sources */ = {isa = PBXBuildFile; fileRef = 95A4B936263EA5C20056F036 /* WatchlistCreatorRow.swift */; };
		95A5188626186F590002D27C /* PriceView.swift in Sources */ = {isa = PBXBuildFile; fileRef = 95A5188526186F590002D27C /* PriceView.swift */; };
		95A7C066261639E0003E2EC1 /* SearchView.swift in Sources */ = {isa = PBXBuildFile; fileRef = 95A7C065261639DF003E2EC1 /* SearchView.swift */; };
		95A7C0742616409D003E2EC1 /* ParseJSON.swift in Sources */ = {isa = PBXBuildFile; fileRef = 95A7C0732616409D003E2EC1 /* ParseJSON.swift */; };
		95AD4A2D26078C1400498079 /* ContentView.swift in Sources */ = {isa = PBXBuildFile; fileRef = 95AD4A2C26078C1400498079 /* ContentView.swift */; };
		95AF0FF72671320F0049C4AB /* DisplayWords.json in Resources */ = {isa = PBXBuildFile; fileRef = 95AF0FF62671320F0049C4AB /* DisplayWords.json */; };
		95AF0FF92671342E0049C4AB /* DisplayWordsModel.swift in Sources */ = {isa = PBXBuildFile; fileRef = 95AF0FF82671342E0049C4AB /* DisplayWordsModel.swift */; };
		95BB05B22670B8C3005A2029 /* KeyStatsModel.swift in Sources */ = {isa = PBXBuildFile; fileRef = 95BB05B12670B8C3005A2029 /* KeyStatsModel.swift */; };
		95BD2FAE26341BD1008B6752 /* TextfieldAlert.swift in Sources */ = {isa = PBXBuildFile; fileRef = 95BD2FAD26341BD1008B6752 /* TextfieldAlert.swift */; };
		95BD2FB326341D36008B6752 /* BlurBackground.swift in Sources */ = {isa = PBXBuildFile; fileRef = 95BD2FB226341D36008B6752 /* BlurBackground.swift */; };
		95C6CCD92670C3BB00E60517 /* StatsView.swift in Sources */ = {isa = PBXBuildFile; fileRef = 95C6CCD82670C3BB00E60517 /* StatsView.swift */; };
		95C8C0E0262A369F0082D1D9 /* ProfileResponse.swift in Sources */ = {isa = PBXBuildFile; fileRef = 95C8C0DF262A369F0082D1D9 /* ProfileResponse.swift */; };
		95CCFB56266E7A0F00C384A1 /* InsiderTransactionModel.swift in Sources */ = {isa = PBXBuildFile; fileRef = 95CCFB55266E7A0F00C384A1 /* InsiderTransactionModel.swift */; };
		95CCFB58266E7F4F00C384A1 /* InsiderList.swift in Sources */ = {isa = PBXBuildFile; fileRef = 95CCFB57266E7F4F00C384A1 /* InsiderList.swift */; };
		95CCFB5A266E841B00C384A1 /* TransactionRow.swift in Sources */ = {isa = PBXBuildFile; fileRef = 95CCFB59266E841B00C384A1 /* TransactionRow.swift */; };
		95CCFB5C266E842000C384A1 /* TransactionList.swift in Sources */ = {isa = PBXBuildFile; fileRef = 95CCFB5B266E842000C384A1 /* TransactionList.swift */; };
		95CCFB5E266E855800C384A1 /* GetDateComponents.swift in Sources */ = {isa = PBXBuildFile; fileRef = 95CCFB5D266E855800C384A1 /* GetDateComponents.swift */; };
		95CCFB60266E864C00C384A1 /* ConvertStringToDate.swift in Sources */ = {isa = PBXBuildFile; fileRef = 95CCFB5F266E864C00C384A1 /* ConvertStringToDate.swift */; };
		95D308F82624B3A400A39F77 /* CurrencyItem.swift in Sources */ = {isa = PBXBuildFile; fileRef = 95D308F72624B3A400A39F77 /* CurrencyItem.swift */; };
		95E2DBF82673752F007FCCB4 /* LaunchScreen.storyboard in Resources */ = {isa = PBXBuildFile; fileRef = 95E2DBF72673752F007FCCB4 /* LaunchScreen.storyboard */; };
		95E31C0D26472CA000106B98 /* CompanyView.swift in Sources */ = {isa = PBXBuildFile; fileRef = 95E31C0C26472CA000106B98 /* CompanyView.swift */; };
		95E31C122647304100106B98 /* PriceViewStyle.swift in Sources */ = {isa = PBXBuildFile; fileRef = 95E31C112647304100106B98 /* PriceViewStyle.swift */; };
		95E31C142647363800106B98 /* Chart.swift in Sources */ = {isa = PBXBuildFile; fileRef = 95E31C132647363800106B98 /* Chart.swift */; };
		95E31C16264736BE00106B98 /* DatePicker.swift in Sources */ = {isa = PBXBuildFile; fileRef = 95E31C15264736BE00106B98 /* DatePicker.swift */; };
		95E31C1826473A4D00106B98 /* CompanyHeader.swift in Sources */ = {isa = PBXBuildFile; fileRef = 95E31C1726473A4D00106B98 /* CompanyHeader.swift */; };
		95E8BAA32656D86E0016AE72 /* RequestType.swift in Sources */ = {isa = PBXBuildFile; fileRef = 95E8BAA22656D86E0016AE72 /* RequestType.swift */; };
		95FBE0DC2619CA7200440386 /* ProfileView.swift in Sources */ = {isa = PBXBuildFile; fileRef = 95FBE0DB2619CA7200440386 /* ProfileView.swift */; };
/* End PBXBuildFile section */

/* Begin PBXContainerItemProxy section */
		950C57152629EF9100F234FE /* PBXContainerItemProxy */ = {
			isa = PBXContainerItemProxy;
			containerPortal = 95672B8325DDA54700DCBE4A /* Project object */;
			proxyType = 1;
			remoteGlobalIDString = 95672B8A25DDA54700DCBE4A;
			remoteInfo = LazyBear;
		};
		950C57252629EFC200F234FE /* PBXContainerItemProxy */ = {
			isa = PBXContainerItemProxy;
			containerPortal = 95672B8325DDA54700DCBE4A /* Project object */;
			proxyType = 1;
			remoteGlobalIDString = 95672B8A25DDA54700DCBE4A;
			remoteInfo = LazyBear;
		};
/* End PBXContainerItemProxy section */

/* Begin PBXFileReference section */
		950272CC2635AACD003E779D /* ToolbarMenu.swift */ = {isa = PBXFileReference; lastKnownFileType = sourcecode.swift; path = ToolbarMenu.swift; sourceTree = "<group>"; };
		950857A8266BD2C6005357BA /* SFSafariViewWrapper.swift */ = {isa = PBXFileReference; lastKnownFileType = sourcecode.swift; path = SFSafariViewWrapper.swift; sourceTree = "<group>"; };
		950857D0266BE54B005357BA /* InsiderRow.swift */ = {isa = PBXFileReference; lastKnownFileType = sourcecode.swift; path = InsiderRow.swift; sourceTree = "<group>"; };
		950857D2266BE55F005357BA /* RowShape.swift */ = {isa = PBXFileReference; lastKnownFileType = sourcecode.swift; path = RowShape.swift; sourceTree = "<group>"; };
		950C36E2260FB6180081CF53 /* HapticsManager.swift */ = {isa = PBXFileReference; lastKnownFileType = sourcecode.swift; path = HapticsManager.swift; sourceTree = "<group>"; };
		950C57102629EF9100F234FE /* LazyBearTests.xctest */ = {isa = PBXFileReference; explicitFileType = wrapper.cfbundle; includeInIndex = 0; path = LazyBearTests.xctest; sourceTree = BUILT_PRODUCTS_DIR; };
		950C57122629EF9100F234FE /* LazyBearTests.swift */ = {isa = PBXFileReference; lastKnownFileType = sourcecode.swift; path = LazyBearTests.swift; sourceTree = "<group>"; };
		950C57142629EF9100F234FE /* Info.plist */ = {isa = PBXFileReference; lastKnownFileType = text.plist.xml; path = Info.plist; sourceTree = "<group>"; };
		950C57202629EFC200F234FE /* LazyBearUITests.xctest */ = {isa = PBXFileReference; explicitFileType = wrapper.cfbundle; includeInIndex = 0; path = LazyBearUITests.xctest; sourceTree = BUILT_PRODUCTS_DIR; };
		950C57222629EFC200F234FE /* LazyBearUITests.swift */ = {isa = PBXFileReference; lastKnownFileType = sourcecode.swift; path = LazyBearUITests.swift; sourceTree = "<group>"; };
		950C57242629EFC200F234FE /* Info.plist */ = {isa = PBXFileReference; lastKnownFileType = text.plist.xml; path = Info.plist; sourceTree = "<group>"; };
		950C572D2629F03A00F234FE /* LazyBear.xctestplan */ = {isa = PBXFileReference; lastKnownFileType = text; name = LazyBear.xctestplan; path = LazyBear.xcodeproj/LazyBear.xctestplan; sourceTree = "<group>"; };
		950D0E182618AA4900D17AD7 /* CompanyList.swift */ = {isa = PBXFileReference; lastKnownFileType = sourcecode.swift; path = CompanyList.swift; sourceTree = "<group>"; };
		950D0E282618AEC800D17AD7 /* SearchedCompanyItem.swift */ = {isa = PBXFileReference; lastKnownFileType = sourcecode.swift; path = SearchedCompanyItem.swift; sourceTree = "<group>"; };
		951490542610BD2B00BDEEB5 /* WelcomeView.swift */ = {isa = PBXFileReference; lastKnownFileType = sourcecode.swift; path = WelcomeView.swift; sourceTree = "<group>"; };
		951566E62613A2B6007C0F36 /* TradingDates.swift */ = {isa = PBXFileReference; lastKnownFileType = sourcecode.swift; path = TradingDates.swift; sourceTree = "<group>"; };
		951566E92613A37C007C0F36 /* TradingDatesItem.swift */ = {isa = PBXFileReference; lastKnownFileType = sourcecode.swift; path = TradingDatesItem.swift; sourceTree = "<group>"; };
		952045142610C7C600A76362 /* ConvertEpoch.swift */ = {isa = PBXFileReference; lastKnownFileType = sourcecode.swift; path = ConvertEpoch.swift; sourceTree = "<group>"; };
		9523ED412615BDB2006D3D6F /* phrases.json */ = {isa = PBXFileReference; lastKnownFileType = text.json; path = phrases.json; sourceTree = "<group>"; };
		9529947D2629CA3E005F0AB0 /* Search.swift */ = {isa = PBXFileReference; lastKnownFileType = sourcecode.swift; path = Search.swift; sourceTree = "<group>"; };
		952994812629CA46005F0AB0 /* SearchResponse.swift */ = {isa = PBXFileReference; lastKnownFileType = sourcecode.swift; path = SearchResponse.swift; sourceTree = "<group>"; };
		954D7EA5260BBA6600A13C50 /* WatchlistCompany+CoreDataClass.swift */ = {isa = PBXFileReference; lastKnownFileType = sourcecode.swift; path = "WatchlistCompany+CoreDataClass.swift"; sourceTree = "<group>"; };
		954D7EA6260BBA6600A13C50 /* WatchlistCompany+CoreDataProperties.swift */ = {isa = PBXFileReference; lastKnownFileType = sourcecode.swift; path = "WatchlistCompany+CoreDataProperties.swift"; sourceTree = "<group>"; };
		9550443926111B2B000E0BCB /* HomeView.swift */ = {isa = PBXFileReference; lastKnownFileType = sourcecode.swift; path = HomeView.swift; sourceTree = "<group>"; };
		9550444226111E7A000E0BCB /* SectorRow.swift */ = {isa = PBXFileReference; lastKnownFileType = sourcecode.swift; path = SectorRow.swift; sourceTree = "<group>"; };
		9550444526111EE5000E0BCB /* SectorItem.swift */ = {isa = PBXFileReference; lastKnownFileType = sourcecode.swift; path = SectorItem.swift; sourceTree = "<group>"; };
		9550444826111FC9000E0BCB /* StockRow.swift */ = {isa = PBXFileReference; lastKnownFileType = sourcecode.swift; path = StockRow.swift; sourceTree = "<group>"; };
		9550444B26111FED000E0BCB /* StockItem.swift */ = {isa = PBXFileReference; lastKnownFileType = sourcecode.swift; path = StockItem.swift; sourceTree = "<group>"; };
		955E73382623568F005652FF /* Home.swift */ = {isa = PBXFileReference; lastKnownFileType = sourcecode.swift; path = Home.swift; sourceTree = "<group>"; };
		955E733B262356F3005652FF /* HomeResponse.swift */ = {isa = PBXFileReference; lastKnownFileType = sourcecode.swift; path = HomeResponse.swift; sourceTree = "<group>"; };
		95602701265ABB440046F97E /* InsidersResponse.swift */ = {isa = PBXFileReference; lastKnownFileType = sourcecode.swift; path = InsidersResponse.swift; sourceTree = "<group>"; };
		95602703265ABB990046F97E /* InsiderRosterModel.swift */ = {isa = PBXFileReference; lastKnownFileType = sourcecode.swift; path = InsiderRosterModel.swift; sourceTree = "<group>"; };
		95602705265ABC660046F97E /* Insiders.swift */ = {isa = PBXFileReference; lastKnownFileType = sourcecode.swift; path = Insiders.swift; sourceTree = "<group>"; };
		95613AD8264FC5A900D4CE8F /* Company.swift */ = {isa = PBXFileReference; lastKnownFileType = sourcecode.swift; path = Company.swift; sourceTree = "<group>"; };
		95613ADC264FC6A200D4CE8F /* ChartResponse.swift */ = {isa = PBXFileReference; lastKnownFileType = sourcecode.swift; path = ChartResponse.swift; sourceTree = "<group>"; };
		95613ADE264FC6FD00D4CE8F /* LatestNewsModel.swift */ = {isa = PBXFileReference; lastKnownFileType = sourcecode.swift; path = LatestNewsModel.swift; sourceTree = "<group>"; };
		95613AE0264FD34100D4CE8F /* NewsRow.swift */ = {isa = PBXFileReference; lastKnownFileType = sourcecode.swift; path = NewsRow.swift; sourceTree = "<group>"; };
		9562404A263C72E800C6C511 /* README.md */ = {isa = PBXFileReference; lastKnownFileType = net.daringfireball.markdown; path = README.md; sourceTree = "<group>"; };
		9562404B263C766D00C6C511 /* WatchlistCreator.swift */ = {isa = PBXFileReference; lastKnownFileType = sourcecode.swift; path = WatchlistCreator.swift; sourceTree = "<group>"; };
		9562404D263C7D8800C6C511 /* WatchlistCreatorClass.swift */ = {isa = PBXFileReference; lastKnownFileType = sourcecode.swift; path = WatchlistCreatorClass.swift; sourceTree = "<group>"; };
		95629D9F2645298E007AF020 /* Profile.swift */ = {isa = PBXFileReference; lastKnownFileType = sourcecode.swift; path = Profile.swift; sourceTree = "<group>"; };
		95672B8B25DDA54700DCBE4A /* LazyBear.app */ = {isa = PBXFileReference; explicitFileType = wrapper.application; includeInIndex = 0; path = LazyBear.app; sourceTree = BUILT_PRODUCTS_DIR; };
		95672B8E25DDA54700DCBE4A /* LazyBearApp.swift */ = {isa = PBXFileReference; lastKnownFileType = sourcecode.swift; path = LazyBearApp.swift; sourceTree = "<group>"; };
		95672B9225DDA54700DCBE4A /* Assets.xcassets */ = {isa = PBXFileReference; lastKnownFileType = folder.assetcatalog; path = Assets.xcassets; sourceTree = "<group>"; };
		95672B9525DDA54700DCBE4A /* Preview Assets.xcassets */ = {isa = PBXFileReference; lastKnownFileType = folder.assetcatalog; path = "Preview Assets.xcassets"; sourceTree = "<group>"; };
		95672B9725DDA54700DCBE4A /* Persistence.swift */ = {isa = PBXFileReference; lastKnownFileType = sourcecode.swift; path = Persistence.swift; sourceTree = "<group>"; };
		95672B9A25DDA54800DCBE4A /* LazyBear.xcdatamodel */ = {isa = PBXFileReference; lastKnownFileType = wrapper.xcdatamodel; path = LazyBear.xcdatamodel; sourceTree = "<group>"; };
		95672B9C25DDA54800DCBE4A /* Info.plist */ = {isa = PBXFileReference; lastKnownFileType = text.plist.xml; path = Info.plist; sourceTree = "<group>"; };
		95721DA5262761E700EC527B /* CurrencyRow.swift */ = {isa = PBXFileReference; lastKnownFileType = sourcecode.swift; path = CurrencyRow.swift; sourceTree = "<group>"; };
		95721DB3262787EF00EC527B /* ExtensiveList.swift */ = {isa = PBXFileReference; lastKnownFileType = sourcecode.swift; path = ExtensiveList.swift; sourceTree = "<group>"; };
		95721DB726278EC100EC527B /* CurrencyListItem.swift */ = {isa = PBXFileReference; lastKnownFileType = sourcecode.swift; path = CurrencyListItem.swift; sourceTree = "<group>"; };
		958A734E25E016FD00FD7ECA /* LazyBear.entitlements */ = {isa = PBXFileReference; lastKnownFileType = text.plist.entitlements; path = LazyBear.entitlements; sourceTree = "<group>"; };
		958A735125E0170900FD7ECA /* CloudKit.framework */ = {isa = PBXFileReference; lastKnownFileType = wrapper.framework; name = CloudKit.framework; path = System/Library/Frameworks/CloudKit.framework; sourceTree = SDKROOT; };
		9594F03F2651355B00CFA8D4 /* HistoricalPricesModel.swift */ = {isa = PBXFileReference; lastKnownFileType = sourcecode.swift; path = HistoricalPricesModel.swift; sourceTree = "<group>"; };
		95A07F6126305A9B009865AA /* CurrencyModel.swift */ = {isa = PBXFileReference; lastKnownFileType = sourcecode.swift; path = CurrencyModel.swift; sourceTree = "<group>"; };
		95A07F6B26305AC6009865AA /* QuoteModel.swift */ = {isa = PBXFileReference; lastKnownFileType = sourcecode.swift; path = QuoteModel.swift; sourceTree = "<group>"; };
		95A07F7026305AD5009865AA /* SectorPerformanceModel.swift */ = {isa = PBXFileReference; lastKnownFileType = sourcecode.swift; path = SectorPerformanceModel.swift; sourceTree = "<group>"; };
		95A07F7526305AE3009865AA /* TradingDatesModel.swift */ = {isa = PBXFileReference; lastKnownFileType = sourcecode.swift; path = TradingDatesModel.swift; sourceTree = "<group>"; };
		95A4B92F263E9F530056F036 /* WatchlistCreatorList.swift */ = {isa = PBXFileReference; lastKnownFileType = sourcecode.swift; path = WatchlistCreatorList.swift; sourceTree = "<group>"; };
		95A4B934263EA31C0056F036 /* WatchlistCreatorSearchBar.swift */ = {isa = PBXFileReference; lastKnownFileType = sourcecode.swift; path = WatchlistCreatorSearchBar.swift; sourceTree = "<group>"; };
		95A4B936263EA5C20056F036 /* WatchlistCreatorRow.swift */ = {isa = PBXFileReference; lastKnownFileType = sourcecode.swift; path = WatchlistCreatorRow.swift; sourceTree = "<group>"; };
		95A5188526186F590002D27C /* PriceView.swift */ = {isa = PBXFileReference; lastKnownFileType = sourcecode.swift; path = PriceView.swift; sourceTree = "<group>"; };
		95A7C065261639DF003E2EC1 /* SearchView.swift */ = {isa = PBXFileReference; lastKnownFileType = sourcecode.swift; path = SearchView.swift; sourceTree = "<group>"; };
		95A7C0732616409D003E2EC1 /* ParseJSON.swift */ = {isa = PBXFileReference; lastKnownFileType = sourcecode.swift; path = ParseJSON.swift; sourceTree = "<group>"; };
		95AD4A2C26078C1400498079 /* ContentView.swift */ = {isa = PBXFileReference; lastKnownFileType = sourcecode.swift; path = ContentView.swift; sourceTree = "<group>"; };
		95AF0FF62671320F0049C4AB /* DisplayWords.json */ = {isa = PBXFileReference; lastKnownFileType = text.json; path = DisplayWords.json; sourceTree = "<group>"; };
		95AF0FF82671342E0049C4AB /* DisplayWordsModel.swift */ = {isa = PBXFileReference; lastKnownFileType = sourcecode.swift; path = DisplayWordsModel.swift; sourceTree = "<group>"; };
		95BB05B12670B8C3005A2029 /* KeyStatsModel.swift */ = {isa = PBXFileReference; lastKnownFileType = sourcecode.swift; path = KeyStatsModel.swift; sourceTree = "<group>"; };
		95BD2FAD26341BD1008B6752 /* TextfieldAlert.swift */ = {isa = PBXFileReference; lastKnownFileType = sourcecode.swift; path = TextfieldAlert.swift; sourceTree = "<group>"; };
		95BD2FB226341D36008B6752 /* BlurBackground.swift */ = {isa = PBXFileReference; lastKnownFileType = sourcecode.swift; path = BlurBackground.swift; sourceTree = "<group>"; };
		95C6CCD82670C3BB00E60517 /* StatsView.swift */ = {isa = PBXFileReference; lastKnownFileType = sourcecode.swift; path = StatsView.swift; sourceTree = "<group>"; };
		95C8C0DF262A369F0082D1D9 /* ProfileResponse.swift */ = {isa = PBXFileReference; lastKnownFileType = sourcecode.swift; path = ProfileResponse.swift; sourceTree = "<group>"; };
		95CCFB55266E7A0F00C384A1 /* InsiderTransactionModel.swift */ = {isa = PBXFileReference; lastKnownFileType = sourcecode.swift; path = InsiderTransactionModel.swift; sourceTree = "<group>"; };
		95CCFB57266E7F4F00C384A1 /* InsiderList.swift */ = {isa = PBXFileReference; lastKnownFileType = sourcecode.swift; path = InsiderList.swift; sourceTree = "<group>"; };
		95CCFB59266E841B00C384A1 /* TransactionRow.swift */ = {isa = PBXFileReference; lastKnownFileType = sourcecode.swift; path = TransactionRow.swift; sourceTree = "<group>"; };
		95CCFB5B266E842000C384A1 /* TransactionList.swift */ = {isa = PBXFileReference; lastKnownFileType = sourcecode.swift; path = TransactionList.swift; sourceTree = "<group>"; };
		95CCFB5D266E855800C384A1 /* GetDateComponents.swift */ = {isa = PBXFileReference; lastKnownFileType = sourcecode.swift; path = GetDateComponents.swift; sourceTree = "<group>"; };
		95CCFB5F266E864C00C384A1 /* ConvertStringToDate.swift */ = {isa = PBXFileReference; lastKnownFileType = sourcecode.swift; path = ConvertStringToDate.swift; sourceTree = "<group>"; };
		95D308F72624B3A400A39F77 /* CurrencyItem.swift */ = {isa = PBXFileReference; lastKnownFileType = sourcecode.swift; path = CurrencyItem.swift; sourceTree = "<group>"; };
		95E2DBF72673752F007FCCB4 /* LaunchScreen.storyboard */ = {isa = PBXFileReference; lastKnownFileType = file.storyboard; path = LaunchScreen.storyboard; sourceTree = "<group>"; };
		95E31C0C26472CA000106B98 /* CompanyView.swift */ = {isa = PBXFileReference; lastKnownFileType = sourcecode.swift; path = CompanyView.swift; sourceTree = "<group>"; };
		95E31C112647304100106B98 /* PriceViewStyle.swift */ = {isa = PBXFileReference; lastKnownFileType = sourcecode.swift; path = PriceViewStyle.swift; sourceTree = "<group>"; };
		95E31C132647363800106B98 /* Chart.swift */ = {isa = PBXFileReference; lastKnownFileType = sourcecode.swift; path = Chart.swift; sourceTree = "<group>"; };
		95E31C15264736BE00106B98 /* DatePicker.swift */ = {isa = PBXFileReference; lastKnownFileType = sourcecode.swift; path = DatePicker.swift; sourceTree = "<group>"; };
		95E31C1726473A4D00106B98 /* CompanyHeader.swift */ = {isa = PBXFileReference; lastKnownFileType = sourcecode.swift; path = CompanyHeader.swift; sourceTree = "<group>"; };
		95E8BAA22656D86E0016AE72 /* RequestType.swift */ = {isa = PBXFileReference; lastKnownFileType = sourcecode.swift; path = RequestType.swift; sourceTree = "<group>"; };
		95FBE0DB2619CA7200440386 /* ProfileView.swift */ = {isa = PBXFileReference; lastKnownFileType = sourcecode.swift; path = ProfileView.swift; sourceTree = "<group>"; };
/* End PBXFileReference section */

/* Begin PBXFrameworksBuildPhase section */
		950C570D2629EF9100F234FE /* Frameworks */ = {
			isa = PBXFrameworksBuildPhase;
			buildActionMask = 2147483647;
			files = (
			);
			runOnlyForDeploymentPostprocessing = 0;
		};
		950C571D2629EFC200F234FE /* Frameworks */ = {
			isa = PBXFrameworksBuildPhase;
			buildActionMask = 2147483647;
			files = (
			);
			runOnlyForDeploymentPostprocessing = 0;
		};
		95672B8825DDA54700DCBE4A /* Frameworks */ = {
			isa = PBXFrameworksBuildPhase;
			buildActionMask = 2147483647;
			files = (
				950857A7266BD12D005357BA /* BetterSafariView in Frameworks */,
				958A735225E0170900FD7ECA /* CloudKit.framework in Frameworks */,
				9526E56B266D34DF004B84EF /* StockCharts in Frameworks */,
				9594331326691789004A0339 /* Bazooka in Frameworks */,
				95A4B933263E9F810056F036 /* Introspect in Frameworks */,
				954D7EC2260BE70C00A13C50 /* SwiftlySearch in Frameworks */,
			);
			runOnlyForDeploymentPostprocessing = 0;
		};
/* End PBXFrameworksBuildPhase section */

/* Begin PBXGroup section */
		950272CA2635AA9F003E779D /* Extensive List */ = {
			isa = PBXGroup;
			children = (
				95721DB3262787EF00EC527B /* ExtensiveList.swift */,
				950272CB2635AABC003E779D /* Helpers */,
			);
			path = "Extensive List";
			sourceTree = "<group>";
		};
		950272CB2635AABC003E779D /* Helpers */ = {
			isa = PBXGroup;
			children = (
				950272CC2635AACD003E779D /* ToolbarMenu.swift */,
			);
			path = Helpers;
			sourceTree = "<group>";
		};
		950C57112629EF9100F234FE /* LazyBearTests */ = {
			isa = PBXGroup;
			children = (
				950C57122629EF9100F234FE /* LazyBearTests.swift */,
				950C57142629EF9100F234FE /* Info.plist */,
			);
			path = LazyBearTests;
			sourceTree = "<group>";
		};
		950C57212629EFC200F234FE /* LazyBearUITests */ = {
			isa = PBXGroup;
			children = (
				950C57222629EFC200F234FE /* LazyBearUITests.swift */,
				950C57242629EFC200F234FE /* Info.plist */,
			);
			path = LazyBearUITests;
			sourceTree = "<group>";
		};
		950D0E272618AEBB00D17AD7 /* Helpers */ = {
			isa = PBXGroup;
			children = (
				950D0E282618AEC800D17AD7 /* SearchedCompanyItem.swift */,
			);
			path = Helpers;
			sourceTree = "<group>";
		};
		951490572610BD3000BDEEB5 /* Welcome */ = {
			isa = PBXGroup;
			children = (
				951490542610BD2B00BDEEB5 /* WelcomeView.swift */,
			);
			path = Welcome;
			sourceTree = "<group>";
		};
		952045132610C7A200A76362 /* Global functions */ = {
			isa = PBXGroup;
			children = (
				952045142610C7C600A76362 /* ConvertEpoch.swift */,
				95A7C0732616409D003E2EC1 /* ParseJSON.swift */,
				95CCFB5D266E855800C384A1 /* GetDateComponents.swift */,
				95CCFB5F266E864C00C384A1 /* ConvertStringToDate.swift */,
			);
			path = "Global functions";
			sourceTree = "<group>";
		};
		9523ED402615BD93006D3D6F /* Resources */ = {
			isa = PBXGroup;
			children = (
				9523ED412615BDB2006D3D6F /* phrases.json */,
				95AF0FF62671320F0049C4AB /* DisplayWords.json */,
			);
			path = Resources;
			sourceTree = "<group>";
		};
		9529947C2629CA2F005F0AB0 /* Networking */ = {
			isa = PBXGroup;
			children = (
				9529947D2629CA3E005F0AB0 /* Search.swift */,
				952994812629CA46005F0AB0 /* SearchResponse.swift */,
			);
			path = Networking;
			sourceTree = "<group>";
		};
		954D7E9D260BBA5200A13C50 /* Global Models */ = {
			isa = PBXGroup;
			children = (
				954D7EA5260BBA6600A13C50 /* WatchlistCompany+CoreDataClass.swift */,
				954D7EA6260BBA6600A13C50 /* WatchlistCompany+CoreDataProperties.swift */,
				95A07F6126305A9B009865AA /* CurrencyModel.swift */,
				95A07F6B26305AC6009865AA /* QuoteModel.swift */,
				95A07F7026305AD5009865AA /* SectorPerformanceModel.swift */,
				95A07F7526305AE3009865AA /* TradingDatesModel.swift */,
				95613ADE264FC6FD00D4CE8F /* LatestNewsModel.swift */,
				9594F03F2651355B00CFA8D4 /* HistoricalPricesModel.swift */,
				95602703265ABB990046F97E /* InsiderRosterModel.swift */,
				95CCFB55266E7A0F00C384A1 /* InsiderTransactionModel.swift */,
				95BB05B12670B8C3005A2029 /* KeyStatsModel.swift */,
				95AF0FF82671342E0049C4AB /* DisplayWordsModel.swift */,
				95E8BAA22656D86E0016AE72 /* RequestType.swift */,
			);
			path = "Global Models";
			sourceTree = "<group>";
		};
		954D7EAA260BBB0E00A13C50 /* Home */ = {
			isa = PBXGroup;
			children = (
				9550443926111B2B000E0BCB /* HomeView.swift */,
				951566E62613A2B6007C0F36 /* TradingDates.swift */,
				954D7EAF260BBBD500A13C50 /* Helpers */,
				95893DC72613C410003698C5 /* Networking */,
			);
			path = Home;
			sourceTree = "<group>";
		};
		954D7EAF260BBBD500A13C50 /* Helpers */ = {
			isa = PBXGroup;
			children = (
				9550444226111E7A000E0BCB /* SectorRow.swift */,
				9550444526111EE5000E0BCB /* SectorItem.swift */,
				95721DA5262761E700EC527B /* CurrencyRow.swift */,
				95D308F72624B3A400A39F77 /* CurrencyItem.swift */,
				951566E92613A37C007C0F36 /* TradingDatesItem.swift */,
				95721DB726278EC100EC527B /* CurrencyListItem.swift */,
			);
			path = Helpers;
			sourceTree = "<group>";
		};
		95672B8225DDA54700DCBE4A = {
			isa = PBXGroup;
			children = (
				9562404A263C72E800C6C511 /* README.md */,
				950C572D2629F03A00F234FE /* LazyBear.xctestplan */,
				95672B8D25DDA54700DCBE4A /* LazyBear */,
				950C57112629EF9100F234FE /* LazyBearTests */,
				950C57212629EFC200F234FE /* LazyBearUITests */,
				95672B8C25DDA54700DCBE4A /* Products */,
				958A735025E0170900FD7ECA /* Frameworks */,
			);
			sourceTree = "<group>";
		};
		95672B8C25DDA54700DCBE4A /* Products */ = {
			isa = PBXGroup;
			children = (
				95672B8B25DDA54700DCBE4A /* LazyBear.app */,
				950C57102629EF9100F234FE /* LazyBearTests.xctest */,
				950C57202629EFC200F234FE /* LazyBearUITests.xctest */,
			);
			name = Products;
			sourceTree = "<group>";
		};
		95672B8D25DDA54700DCBE4A /* LazyBear */ = {
			isa = PBXGroup;
			children = (
				958A734E25E016FD00FD7ECA /* LazyBear.entitlements */,
				95672B9C25DDA54800DCBE4A /* Info.plist */,
				95672B9925DDA54800DCBE4A /* LazyBear.xcdatamodeld */,
				95672B9225DDA54700DCBE4A /* Assets.xcassets */,
				95E2DBF72673752F007FCCB4 /* LaunchScreen.storyboard */,
				95672B8E25DDA54700DCBE4A /* LazyBearApp.swift */,
				95AD4A2C26078C1400498079 /* ContentView.swift */,
				95672B9725DDA54700DCBE4A /* Persistence.swift */,
				950C36E2260FB6180081CF53 /* HapticsManager.swift */,
				95B1874925DDAC4D0068A364 /* Views */,
				952045132610C7A200A76362 /* Global functions */,
				954D7E9D260BBA5200A13C50 /* Global Models */,
				95E31C102647302F00106B98 /* Styles */,
				9523ED402615BD93006D3D6F /* Resources */,
				95672B9425DDA54700DCBE4A /* Preview Content */,
			);
			path = LazyBear;
			sourceTree = "<group>";
		};
		95672B9425DDA54700DCBE4A /* Preview Content */ = {
			isa = PBXGroup;
			children = (
				95672B9525DDA54700DCBE4A /* Preview Assets.xcassets */,
			);
			path = "Preview Content";
			sourceTree = "<group>";
		};
		95893DC72613C410003698C5 /* Networking */ = {
			isa = PBXGroup;
			children = (
				955E73382623568F005652FF /* Home.swift */,
				955E733B262356F3005652FF /* HomeResponse.swift */,
			);
			path = Networking;
			sourceTree = "<group>";
		};
		95893DD22613CAB5003698C5 /* Global Helpers */ = {
			isa = PBXGroup;
			children = (
				950272CA2635AA9F003E779D /* Extensive List */,
				95A5188526186F590002D27C /* PriceView.swift */,
				9550444826111FC9000E0BCB /* StockRow.swift */,
				9550444B26111FED000E0BCB /* StockItem.swift */,
				95BD2FB226341D36008B6752 /* BlurBackground.swift */,
				950857D2266BE55F005357BA /* RowShape.swift */,
			);
			path = "Global Helpers";
			sourceTree = "<group>";
		};
		958A735025E0170900FD7ECA /* Frameworks */ = {
			isa = PBXGroup;
			children = (
				958A735125E0170900FD7ECA /* CloudKit.framework */,
			);
			name = Frameworks;
			sourceTree = "<group>";
		};
		95A7C06126163943003E2EC1 /* Search */ = {
			isa = PBXGroup;
			children = (
				95A7C065261639DF003E2EC1 /* SearchView.swift */,
				950D0E182618AA4900D17AD7 /* CompanyList.swift */,
				950D0E272618AEBB00D17AD7 /* Helpers */,
				9529947C2629CA2F005F0AB0 /* Networking */,
			);
			path = Search;
			sourceTree = "<group>";
		};
		95B1874925DDAC4D0068A364 /* Views */ = {
			isa = PBXGroup;
			children = (
				951490572610BD3000BDEEB5 /* Welcome */,
				954D7EAA260BBB0E00A13C50 /* Home */,
				95A7C06126163943003E2EC1 /* Search */,
				95FBE0DA2619CA6000440386 /* Profile */,
				95E31C0B26472C8500106B98 /* Company */,
				95893DD22613CAB5003698C5 /* Global Helpers */,
			);
			path = Views;
			sourceTree = "<group>";
		};
		95BD2F91263418F7008B6752 /* Helpers */ = {
			isa = PBXGroup;
			children = (
				95BD2FAD26341BD1008B6752 /* TextfieldAlert.swift */,
				9562404B263C766D00C6C511 /* WatchlistCreator.swift */,
				9562404D263C7D8800C6C511 /* WatchlistCreatorClass.swift */,
				95A4B92F263E9F530056F036 /* WatchlistCreatorList.swift */,
				95A4B934263EA31C0056F036 /* WatchlistCreatorSearchBar.swift */,
				95A4B936263EA5C20056F036 /* WatchlistCreatorRow.swift */,
			);
			path = Helpers;
			sourceTree = "<group>";
		};
		95C8C0D9262A31DA0082D1D9 /* Networking */ = {
			isa = PBXGroup;
			children = (
				95629D9F2645298E007AF020 /* Profile.swift */,
				95C8C0DF262A369F0082D1D9 /* ProfileResponse.swift */,
			);
			path = Networking;
			sourceTree = "<group>";
		};
		95E31C0B26472C8500106B98 /* Company */ = {
			isa = PBXGroup;
			children = (
				95E31C0C26472CA000106B98 /* CompanyView.swift */,
				95E31C132647363800106B98 /* Chart.swift */,
				95602705265ABC660046F97E /* Insiders.swift */,
				95E31C0E26472CB600106B98 /* Helpers */,
				95E31C0F26472CC000106B98 /* Networking */,
			);
			path = Company;
			sourceTree = "<group>";
		};
		95E31C0E26472CB600106B98 /* Helpers */ = {
			isa = PBXGroup;
			children = (
				95E31C1726473A4D00106B98 /* CompanyHeader.swift */,
				95E31C15264736BE00106B98 /* DatePicker.swift */,
				95613AE0264FD34100D4CE8F /* NewsRow.swift */,
				950857A8266BD2C6005357BA /* SFSafariViewWrapper.swift */,
				95CCFB57266E7F4F00C384A1 /* InsiderList.swift */,
				950857D0266BE54B005357BA /* InsiderRow.swift */,
				95CCFB5B266E842000C384A1 /* TransactionList.swift */,
				95CCFB59266E841B00C384A1 /* TransactionRow.swift */,
				95C6CCD82670C3BB00E60517 /* StatsView.swift */,
			);
			path = Helpers;
			sourceTree = "<group>";
		};
		95E31C0F26472CC000106B98 /* Networking */ = {
			isa = PBXGroup;
			children = (
				95613AD8264FC5A900D4CE8F /* Company.swift */,
				95613ADC264FC6A200D4CE8F /* ChartResponse.swift */,
				95602701265ABB440046F97E /* InsidersResponse.swift */,
			);
			path = Networking;
			sourceTree = "<group>";
		};
		95E31C102647302F00106B98 /* Styles */ = {
			isa = PBXGroup;
			children = (
				95E31C112647304100106B98 /* PriceViewStyle.swift */,
			);
			path = Styles;
			sourceTree = "<group>";
		};
		95FBE0DA2619CA6000440386 /* Profile */ = {
			isa = PBXGroup;
			children = (
				95FBE0DB2619CA7200440386 /* ProfileView.swift */,
				95BD2F91263418F7008B6752 /* Helpers */,
				95C8C0D9262A31DA0082D1D9 /* Networking */,
			);
			path = Profile;
			sourceTree = "<group>";
		};
/* End PBXGroup section */

/* Begin PBXNativeTarget section */
		950C570F2629EF9100F234FE /* LazyBearTests */ = {
			isa = PBXNativeTarget;
			buildConfigurationList = 950C57172629EF9100F234FE /* Build configuration list for PBXNativeTarget "LazyBearTests" */;
			buildPhases = (
				950C570C2629EF9100F234FE /* Sources */,
				950C570D2629EF9100F234FE /* Frameworks */,
				950C570E2629EF9100F234FE /* Resources */,
			);
			buildRules = (
			);
			dependencies = (
				950C57162629EF9100F234FE /* PBXTargetDependency */,
			);
			name = LazyBearTests;
			productName = LazyBearTests;
			productReference = 950C57102629EF9100F234FE /* LazyBearTests.xctest */;
			productType = "com.apple.product-type.bundle.unit-test";
		};
		950C571F2629EFC200F234FE /* LazyBearUITests */ = {
			isa = PBXNativeTarget;
			buildConfigurationList = 950C57272629EFC200F234FE /* Build configuration list for PBXNativeTarget "LazyBearUITests" */;
			buildPhases = (
				950C571C2629EFC200F234FE /* Sources */,
				950C571D2629EFC200F234FE /* Frameworks */,
				950C571E2629EFC200F234FE /* Resources */,
			);
			buildRules = (
			);
			dependencies = (
				950C57262629EFC200F234FE /* PBXTargetDependency */,
			);
			name = LazyBearUITests;
			productName = LazyBearUITests;
			productReference = 950C57202629EFC200F234FE /* LazyBearUITests.xctest */;
			productType = "com.apple.product-type.bundle.ui-testing";
		};
		95672B8A25DDA54700DCBE4A /* LazyBear */ = {
			isa = PBXNativeTarget;
			buildConfigurationList = 95672B9F25DDA54800DCBE4A /* Build configuration list for PBXNativeTarget "LazyBear" */;
			buildPhases = (
				95672B8725DDA54700DCBE4A /* Sources */,
				95672B8825DDA54700DCBE4A /* Frameworks */,
				95672B8925DDA54700DCBE4A /* Resources */,
			);
			buildRules = (
			);
			dependencies = (
			);
			name = LazyBear;
			packageProductDependencies = (
				954D7EC1260BE70C00A13C50 /* SwiftlySearch */,
				95A4B932263E9F810056F036 /* Introspect */,
				9594331226691789004A0339 /* Bazooka */,
				950857A6266BD12D005357BA /* BetterSafariView */,
				9526E56A266D34DF004B84EF /* StockCharts */,
			);
			productName = LazyBear;
			productReference = 95672B8B25DDA54700DCBE4A /* LazyBear.app */;
			productType = "com.apple.product-type.application";
		};
/* End PBXNativeTarget section */

/* Begin PBXProject section */
		95672B8325DDA54700DCBE4A /* Project object */ = {
			isa = PBXProject;
			attributes = {
				LastSwiftUpdateCheck = 1240;
				LastUpgradeCheck = 1240;
				TargetAttributes = {
					950C570F2629EF9100F234FE = {
						CreatedOnToolsVersion = 12.4;
						TestTargetID = 95672B8A25DDA54700DCBE4A;
					};
					950C571F2629EFC200F234FE = {
						CreatedOnToolsVersion = 12.4;
						TestTargetID = 95672B8A25DDA54700DCBE4A;
					};
					95672B8A25DDA54700DCBE4A = {
						CreatedOnToolsVersion = 12.4;
					};
				};
			};
			buildConfigurationList = 95672B8625DDA54700DCBE4A /* Build configuration list for PBXProject "LazyBear" */;
			compatibilityVersion = "Xcode 9.3";
			developmentRegion = en;
			hasScannedForEncodings = 0;
			knownRegions = (
				en,
				Base,
			);
			mainGroup = 95672B8225DDA54700DCBE4A;
			packageReferences = (
				954D7EC0260BE70C00A13C50 /* XCRemoteSwiftPackageReference "SwiftlySearch" */,
				95A4B931263E9F810056F036 /* XCRemoteSwiftPackageReference "SwiftUI-Introspect" */,
				9594331126691789004A0339 /* XCRemoteSwiftPackageReference "Bazooka" */,
				950857A5266BD12D005357BA /* XCRemoteSwiftPackageReference "BetterSafariView" */,
				9526E569266D34DF004B84EF /* XCRemoteSwiftPackageReference "StockCharts" */,
			);
			productRefGroup = 95672B8C25DDA54700DCBE4A /* Products */;
			projectDirPath = "";
			projectRoot = "";
			targets = (
				95672B8A25DDA54700DCBE4A /* LazyBear */,
				950C570F2629EF9100F234FE /* LazyBearTests */,
				950C571F2629EFC200F234FE /* LazyBearUITests */,
			);
		};
/* End PBXProject section */

/* Begin PBXResourcesBuildPhase section */
		950C570E2629EF9100F234FE /* Resources */ = {
			isa = PBXResourcesBuildPhase;
			buildActionMask = 2147483647;
			files = (
			);
			runOnlyForDeploymentPostprocessing = 0;
		};
		950C571E2629EFC200F234FE /* Resources */ = {
			isa = PBXResourcesBuildPhase;
			buildActionMask = 2147483647;
			files = (
			);
			runOnlyForDeploymentPostprocessing = 0;
		};
		95672B8925DDA54700DCBE4A /* Resources */ = {
			isa = PBXResourcesBuildPhase;
			buildActionMask = 2147483647;
			files = (
				95672B9625DDA54700DCBE4A /* Preview Assets.xcassets in Resources */,
				9523ED422615BDB2006D3D6F /* phrases.json in Resources */,
				95AF0FF72671320F0049C4AB /* DisplayWords.json in Resources */,
				95E2DBF82673752F007FCCB4 /* LaunchScreen.storyboard in Resources */,
				95672B9325DDA54700DCBE4A /* Assets.xcassets in Resources */,
			);
			runOnlyForDeploymentPostprocessing = 0;
		};
/* End PBXResourcesBuildPhase section */

/* Begin PBXSourcesBuildPhase section */
		950C570C2629EF9100F234FE /* Sources */ = {
			isa = PBXSourcesBuildPhase;
			buildActionMask = 2147483647;
			files = (
				950C57132629EF9100F234FE /* LazyBearTests.swift in Sources */,
			);
			runOnlyForDeploymentPostprocessing = 0;
		};
		950C571C2629EFC200F234FE /* Sources */ = {
			isa = PBXSourcesBuildPhase;
			buildActionMask = 2147483647;
			files = (
				950C57232629EFC200F234FE /* LazyBearUITests.swift in Sources */,
			);
			runOnlyForDeploymentPostprocessing = 0;
		};
		95672B8725DDA54700DCBE4A /* Sources */ = {
			isa = PBXSourcesBuildPhase;
			buildActionMask = 2147483647;
			files = (
				95602704265ABB990046F97E /* InsiderRosterModel.swift in Sources */,
				950C36E3260FB6180081CF53 /* HapticsManager.swift in Sources */,
				95FBE0DC2619CA7200440386 /* ProfileView.swift in Sources */,
				95A5188626186F590002D27C /* PriceView.swift in Sources */,
				95CCFB5C266E842000C384A1 /* TransactionList.swift in Sources */,
				95613AE1264FD34100D4CE8F /* NewsRow.swift in Sources */,
				95613ADD264FC6A200D4CE8F /* ChartResponse.swift in Sources */,
				9550444926111FC9000E0BCB /* StockRow.swift in Sources */,
				9550444326111E7A000E0BCB /* SectorRow.swift in Sources */,
				95613AD9264FC5A900D4CE8F /* Company.swift in Sources */,
				95721DB826278EC100EC527B /* CurrencyListItem.swift in Sources */,
				950272CD2635AACD003E779D /* ToolbarMenu.swift in Sources */,
				9550443A26111B2B000E0BCB /* HomeView.swift in Sources */,
				95672B9825DDA54700DCBE4A /* Persistence.swift in Sources */,
				950857D1266BE54B005357BA /* InsiderRow.swift in Sources */,
				95A7C0742616409D003E2EC1 /* ParseJSON.swift in Sources */,
				95E8BAA32656D86E0016AE72 /* RequestType.swift in Sources */,
				95CCFB56266E7A0F00C384A1 /* InsiderTransactionModel.swift in Sources */,
				954D7EA8260BBA6600A13C50 /* WatchlistCompany+CoreDataProperties.swift in Sources */,
				951566E72613A2B6007C0F36 /* TradingDates.swift in Sources */,
				955E73392623568F005652FF /* Home.swift in Sources */,
				95E31C122647304100106B98 /* PriceViewStyle.swift in Sources */,
				95721DA6262761E700EC527B /* CurrencyRow.swift in Sources */,
				95CCFB58266E7F4F00C384A1 /* InsiderList.swift in Sources */,
				9562404C263C766D00C6C511 /* WatchlistCreator.swift in Sources */,
				95BB05B22670B8C3005A2029 /* KeyStatsModel.swift in Sources */,
				95C6CCD92670C3BB00E60517 /* StatsView.swift in Sources */,
				95672B8F25DDA54700DCBE4A /* LazyBearApp.swift in Sources */,
				95A7C066261639E0003E2EC1 /* SearchView.swift in Sources */,
				9550444C26111FED000E0BCB /* StockItem.swift in Sources */,
				95A4B937263EA5C20056F036 /* WatchlistCreatorRow.swift in Sources */,
				950D0E192618AA4900D17AD7 /* CompanyList.swift in Sources */,
				952994822629CA46005F0AB0 /* SearchResponse.swift in Sources */,
				95A07F6C26305AC6009865AA /* QuoteModel.swift in Sources */,
				95E31C1826473A4D00106B98 /* CompanyHeader.swift in Sources */,
				95A07F6226305A9B009865AA /* CurrencyModel.swift in Sources */,
				9529947E2629CA3E005F0AB0 /* Search.swift in Sources */,
				95613ADF264FC6FD00D4CE8F /* LatestNewsModel.swift in Sources */,
				950D0E292618AEC800D17AD7 /* SearchedCompanyItem.swift in Sources */,
				955E733C262356F3005652FF /* HomeResponse.swift in Sources */,
				95BD2FB326341D36008B6752 /* BlurBackground.swift in Sources */,
				95E31C16264736BE00106B98 /* DatePicker.swift in Sources */,
				95E31C142647363800106B98 /* Chart.swift in Sources */,
				951566EA2613A37C007C0F36 /* TradingDatesItem.swift in Sources */,
				951490552610BD2B00BDEEB5 /* WelcomeView.swift in Sources */,
				95602702265ABB440046F97E /* InsidersResponse.swift in Sources */,
				95D308F82624B3A400A39F77 /* CurrencyItem.swift in Sources */,
				95602706265ABC660046F97E /* Insiders.swift in Sources */,
				95E31C0D26472CA000106B98 /* CompanyView.swift in Sources */,
				950857A9266BD2C6005357BA /* SFSafariViewWrapper.swift in Sources */,
				95A07F7126305AD5009865AA /* SectorPerformanceModel.swift in Sources */,
				9594F0402651355B00CFA8D4 /* HistoricalPricesModel.swift in Sources */,
				9550444626111EE5000E0BCB /* SectorItem.swift in Sources */,
				954D7EA7260BBA6600A13C50 /* WatchlistCompany+CoreDataClass.swift in Sources */,
				95672B9B25DDA54800DCBE4A /* LazyBear.xcdatamodeld in Sources */,
				95C8C0E0262A369F0082D1D9 /* ProfileResponse.swift in Sources */,
				95A4B935263EA31C0056F036 /* WatchlistCreatorSearchBar.swift in Sources */,
				95AF0FF92671342E0049C4AB /* DisplayWordsModel.swift in Sources */,
				95AD4A2D26078C1400498079 /* ContentView.swift in Sources */,
				95CCFB5A266E841B00C384A1 /* TransactionRow.swift in Sources */,
				95629DA02645298E007AF020 /* Profile.swift in Sources */,
				95CCFB5E266E855800C384A1 /* GetDateComponents.swift in Sources */,
				95A4B930263E9F530056F036 /* WatchlistCreatorList.swift in Sources */,
				9562404E263C7D8800C6C511 /* WatchlistCreatorClass.swift in Sources */,
				95721DB4262787EF00EC527B /* ExtensiveList.swift in Sources */,
				950857D3266BE55F005357BA /* RowShape.swift in Sources */,
				952045152610C7C600A76362 /* ConvertEpoch.swift in Sources */,
				95BD2FAE26341BD1008B6752 /* TextfieldAlert.swift in Sources */,
				95CCFB60266E864C00C384A1 /* ConvertStringToDate.swift in Sources */,
				95A07F7626305AE3009865AA /* TradingDatesModel.swift in Sources */,
			);
			runOnlyForDeploymentPostprocessing = 0;
		};
/* End PBXSourcesBuildPhase section */

/* Begin PBXTargetDependency section */
		950C57162629EF9100F234FE /* PBXTargetDependency */ = {
			isa = PBXTargetDependency;
			target = 95672B8A25DDA54700DCBE4A /* LazyBear */;
			targetProxy = 950C57152629EF9100F234FE /* PBXContainerItemProxy */;
		};
		950C57262629EFC200F234FE /* PBXTargetDependency */ = {
			isa = PBXTargetDependency;
			target = 95672B8A25DDA54700DCBE4A /* LazyBear */;
			targetProxy = 950C57252629EFC200F234FE /* PBXContainerItemProxy */;
		};
/* End PBXTargetDependency section */

/* Begin XCBuildConfiguration section */
		950C57182629EF9100F234FE /* Debug */ = {
			isa = XCBuildConfiguration;
			buildSettings = {
				BUNDLE_LOADER = "$(TEST_HOST)";
				CODE_SIGN_STYLE = Automatic;
				DEVELOPMENT_TEAM = MTX83R5H8X;
				INFOPLIST_FILE = LazyBearTests/Info.plist;
				LD_RUNPATH_SEARCH_PATHS = (
					"$(inherited)",
					"@executable_path/Frameworks",
					"@loader_path/Frameworks",
				);
				PRODUCT_BUNDLE_IDENTIFIER = io.dennistech.LazyBearTests;
				PRODUCT_NAME = "$(TARGET_NAME)";
				SWIFT_VERSION = 5.0;
				TARGETED_DEVICE_FAMILY = "1,2";
				TEST_HOST = "$(BUILT_PRODUCTS_DIR)/LazyBear.app/LazyBear";
			};
			name = Debug;
		};
		950C57192629EF9100F234FE /* Release */ = {
			isa = XCBuildConfiguration;
			buildSettings = {
				BUNDLE_LOADER = "$(TEST_HOST)";
				CODE_SIGN_STYLE = Automatic;
				DEVELOPMENT_TEAM = MTX83R5H8X;
				INFOPLIST_FILE = LazyBearTests/Info.plist;
				LD_RUNPATH_SEARCH_PATHS = (
					"$(inherited)",
					"@executable_path/Frameworks",
					"@loader_path/Frameworks",
				);
				PRODUCT_BUNDLE_IDENTIFIER = io.dennistech.LazyBearTests;
				PRODUCT_NAME = "$(TARGET_NAME)";
				SWIFT_VERSION = 5.0;
				TARGETED_DEVICE_FAMILY = "1,2";
				TEST_HOST = "$(BUILT_PRODUCTS_DIR)/LazyBear.app/LazyBear";
			};
			name = Release;
		};
		950C57282629EFC200F234FE /* Debug */ = {
			isa = XCBuildConfiguration;
			buildSettings = {
				CODE_SIGN_STYLE = Automatic;
				DEVELOPMENT_TEAM = MTX83R5H8X;
				INFOPLIST_FILE = LazyBearUITests/Info.plist;
				LD_RUNPATH_SEARCH_PATHS = (
					"$(inherited)",
					"@executable_path/Frameworks",
					"@loader_path/Frameworks",
				);
				PRODUCT_BUNDLE_IDENTIFIER = io.dennistech.LazyBearUITests;
				PRODUCT_NAME = "$(TARGET_NAME)";
				SWIFT_VERSION = 5.0;
				TARGETED_DEVICE_FAMILY = "1,2";
				TEST_TARGET_NAME = LazyBear;
			};
			name = Debug;
		};
		950C57292629EFC200F234FE /* Release */ = {
			isa = XCBuildConfiguration;
			buildSettings = {
				CODE_SIGN_STYLE = Automatic;
				DEVELOPMENT_TEAM = MTX83R5H8X;
				INFOPLIST_FILE = LazyBearUITests/Info.plist;
				LD_RUNPATH_SEARCH_PATHS = (
					"$(inherited)",
					"@executable_path/Frameworks",
					"@loader_path/Frameworks",
				);
				PRODUCT_BUNDLE_IDENTIFIER = io.dennistech.LazyBearUITests;
				PRODUCT_NAME = "$(TARGET_NAME)";
				SWIFT_VERSION = 5.0;
				TARGETED_DEVICE_FAMILY = "1,2";
				TEST_TARGET_NAME = LazyBear;
			};
			name = Release;
		};
		95672B9D25DDA54800DCBE4A /* Debug */ = {
			isa = XCBuildConfiguration;
			buildSettings = {
				ALWAYS_SEARCH_USER_PATHS = NO;
				CLANG_ANALYZER_NONNULL = YES;
				CLANG_ANALYZER_NUMBER_OBJECT_CONVERSION = YES_AGGRESSIVE;
				CLANG_CXX_LANGUAGE_STANDARD = "gnu++14";
				CLANG_CXX_LIBRARY = "libc++";
				CLANG_ENABLE_MODULES = YES;
				CLANG_ENABLE_OBJC_ARC = YES;
				CLANG_ENABLE_OBJC_WEAK = YES;
				CLANG_WARN_BLOCK_CAPTURE_AUTORELEASING = YES;
				CLANG_WARN_BOOL_CONVERSION = YES;
				CLANG_WARN_COMMA = YES;
				CLANG_WARN_CONSTANT_CONVERSION = YES;
				CLANG_WARN_DEPRECATED_OBJC_IMPLEMENTATIONS = YES;
				CLANG_WARN_DIRECT_OBJC_ISA_USAGE = YES_ERROR;
				CLANG_WARN_DOCUMENTATION_COMMENTS = YES;
				CLANG_WARN_EMPTY_BODY = YES;
				CLANG_WARN_ENUM_CONVERSION = YES;
				CLANG_WARN_INFINITE_RECURSION = YES;
				CLANG_WARN_INT_CONVERSION = YES;
				CLANG_WARN_NON_LITERAL_NULL_CONVERSION = YES;
				CLANG_WARN_OBJC_IMPLICIT_RETAIN_SELF = YES;
				CLANG_WARN_OBJC_LITERAL_CONVERSION = YES;
				CLANG_WARN_OBJC_ROOT_CLASS = YES_ERROR;
				CLANG_WARN_QUOTED_INCLUDE_IN_FRAMEWORK_HEADER = YES;
				CLANG_WARN_RANGE_LOOP_ANALYSIS = YES;
				CLANG_WARN_STRICT_PROTOTYPES = YES;
				CLANG_WARN_SUSPICIOUS_MOVE = YES;
				CLANG_WARN_UNGUARDED_AVAILABILITY = YES_AGGRESSIVE;
				CLANG_WARN_UNREACHABLE_CODE = YES;
				CLANG_WARN__DUPLICATE_METHOD_MATCH = YES;
				COPY_PHASE_STRIP = NO;
				DEBUG_INFORMATION_FORMAT = dwarf;
				ENABLE_STRICT_OBJC_MSGSEND = YES;
				ENABLE_TESTABILITY = YES;
				GCC_C_LANGUAGE_STANDARD = gnu11;
				GCC_DYNAMIC_NO_PIC = NO;
				GCC_NO_COMMON_BLOCKS = YES;
				GCC_OPTIMIZATION_LEVEL = 0;
				GCC_PREPROCESSOR_DEFINITIONS = (
					"DEBUG=1",
					"$(inherited)",
				);
				GCC_WARN_64_TO_32_BIT_CONVERSION = YES;
				GCC_WARN_ABOUT_RETURN_TYPE = YES_ERROR;
				GCC_WARN_UNDECLARED_SELECTOR = YES;
				GCC_WARN_UNINITIALIZED_AUTOS = YES_AGGRESSIVE;
				GCC_WARN_UNUSED_FUNCTION = YES;
				GCC_WARN_UNUSED_VARIABLE = YES;
				IPHONEOS_DEPLOYMENT_TARGET = 14.4;
				MTL_ENABLE_DEBUG_INFO = INCLUDE_SOURCE;
				MTL_FAST_MATH = YES;
				ONLY_ACTIVE_ARCH = YES;
				SDKROOT = iphoneos;
				SWIFT_ACTIVE_COMPILATION_CONDITIONS = DEBUG;
				SWIFT_OPTIMIZATION_LEVEL = "-Onone";
				SWIFT_VERSION = 5.0;
			};
			name = Debug;
		};
		95672B9E25DDA54800DCBE4A /* Release */ = {
			isa = XCBuildConfiguration;
			buildSettings = {
				ALWAYS_SEARCH_USER_PATHS = NO;
				CLANG_ANALYZER_NONNULL = YES;
				CLANG_ANALYZER_NUMBER_OBJECT_CONVERSION = YES_AGGRESSIVE;
				CLANG_CXX_LANGUAGE_STANDARD = "gnu++14";
				CLANG_CXX_LIBRARY = "libc++";
				CLANG_ENABLE_MODULES = YES;
				CLANG_ENABLE_OBJC_ARC = YES;
				CLANG_ENABLE_OBJC_WEAK = YES;
				CLANG_WARN_BLOCK_CAPTURE_AUTORELEASING = YES;
				CLANG_WARN_BOOL_CONVERSION = YES;
				CLANG_WARN_COMMA = YES;
				CLANG_WARN_CONSTANT_CONVERSION = YES;
				CLANG_WARN_DEPRECATED_OBJC_IMPLEMENTATIONS = YES;
				CLANG_WARN_DIRECT_OBJC_ISA_USAGE = YES_ERROR;
				CLANG_WARN_DOCUMENTATION_COMMENTS = YES;
				CLANG_WARN_EMPTY_BODY = YES;
				CLANG_WARN_ENUM_CONVERSION = YES;
				CLANG_WARN_INFINITE_RECURSION = YES;
				CLANG_WARN_INT_CONVERSION = YES;
				CLANG_WARN_NON_LITERAL_NULL_CONVERSION = YES;
				CLANG_WARN_OBJC_IMPLICIT_RETAIN_SELF = YES;
				CLANG_WARN_OBJC_LITERAL_CONVERSION = YES;
				CLANG_WARN_OBJC_ROOT_CLASS = YES_ERROR;
				CLANG_WARN_QUOTED_INCLUDE_IN_FRAMEWORK_HEADER = YES;
				CLANG_WARN_RANGE_LOOP_ANALYSIS = YES;
				CLANG_WARN_STRICT_PROTOTYPES = YES;
				CLANG_WARN_SUSPICIOUS_MOVE = YES;
				CLANG_WARN_UNGUARDED_AVAILABILITY = YES_AGGRESSIVE;
				CLANG_WARN_UNREACHABLE_CODE = YES;
				CLANG_WARN__DUPLICATE_METHOD_MATCH = YES;
				COPY_PHASE_STRIP = NO;
				DEBUG_INFORMATION_FORMAT = "dwarf-with-dsym";
				ENABLE_NS_ASSERTIONS = NO;
				ENABLE_STRICT_OBJC_MSGSEND = YES;
				GCC_C_LANGUAGE_STANDARD = gnu11;
				GCC_NO_COMMON_BLOCKS = YES;
				GCC_WARN_64_TO_32_BIT_CONVERSION = YES;
				GCC_WARN_ABOUT_RETURN_TYPE = YES_ERROR;
				GCC_WARN_UNDECLARED_SELECTOR = YES;
				GCC_WARN_UNINITIALIZED_AUTOS = YES_AGGRESSIVE;
				GCC_WARN_UNUSED_FUNCTION = YES;
				GCC_WARN_UNUSED_VARIABLE = YES;
				IPHONEOS_DEPLOYMENT_TARGET = 14.4;
				MTL_ENABLE_DEBUG_INFO = NO;
				MTL_FAST_MATH = YES;
				SDKROOT = iphoneos;
				SWIFT_COMPILATION_MODE = wholemodule;
				SWIFT_OPTIMIZATION_LEVEL = "-O";
				SWIFT_VERSION = 5.0;
				VALIDATE_PRODUCT = YES;
			};
			name = Release;
		};
		95672BA025DDA54800DCBE4A /* Debug */ = {
			isa = XCBuildConfiguration;
			buildSettings = {
				ASSETCATALOG_COMPILER_APPICON_NAME = AppIcon;
				ASSETCATALOG_COMPILER_GLOBAL_ACCENT_COLOR_NAME = AccentColor;
				CODE_SIGN_ENTITLEMENTS = LazyBear/LazyBear.entitlements;
				CODE_SIGN_STYLE = Automatic;
				CURRENT_PROJECT_VERSION = 2;
				DEVELOPMENT_ASSET_PATHS = "\"LazyBear/Preview Content\"";
				DEVELOPMENT_TEAM = MTX83R5H8X;
				ENABLE_PREVIEWS = YES;
				INFOPLIST_FILE = LazyBear/Info.plist;
				IPHONEOS_DEPLOYMENT_TARGET = 14.0;
				LD_RUNPATH_SEARCH_PATHS = (
					"$(inherited)",
					"@executable_path/Frameworks",
				);
				MARKETING_VERSION = 4;
				PRODUCT_BUNDLE_IDENTIFIER = dennis.LazyBear;
				PRODUCT_NAME = "$(TARGET_NAME)";
				SWIFT_VERSION = 5.0;
				TARGETED_DEVICE_FAMILY = "1,2";
			};
			name = Debug;
		};
		95672BA125DDA54800DCBE4A /* Release */ = {
			isa = XCBuildConfiguration;
			buildSettings = {
				ASSETCATALOG_COMPILER_APPICON_NAME = AppIcon;
				ASSETCATALOG_COMPILER_GLOBAL_ACCENT_COLOR_NAME = AccentColor;
				CODE_SIGN_ENTITLEMENTS = LazyBear/LazyBear.entitlements;
				CODE_SIGN_STYLE = Automatic;
				CURRENT_PROJECT_VERSION = 2;
				DEVELOPMENT_ASSET_PATHS = "\"LazyBear/Preview Content\"";
				DEVELOPMENT_TEAM = MTX83R5H8X;
				ENABLE_PREVIEWS = YES;
				INFOPLIST_FILE = LazyBear/Info.plist;
				IPHONEOS_DEPLOYMENT_TARGET = 14.0;
				LD_RUNPATH_SEARCH_PATHS = (
					"$(inherited)",
					"@executable_path/Frameworks",
				);
				MARKETING_VERSION = 4;
				PRODUCT_BUNDLE_IDENTIFIER = dennis.LazyBear;
				PRODUCT_NAME = "$(TARGET_NAME)";
				SWIFT_VERSION = 5.0;
				TARGETED_DEVICE_FAMILY = "1,2";
			};
			name = Release;
		};
/* End XCBuildConfiguration section */

/* Begin XCConfigurationList section */
		950C57172629EF9100F234FE /* Build configuration list for PBXNativeTarget "LazyBearTests" */ = {
			isa = XCConfigurationList;
			buildConfigurations = (
				950C57182629EF9100F234FE /* Debug */,
				950C57192629EF9100F234FE /* Release */,
			);
			defaultConfigurationIsVisible = 0;
			defaultConfigurationName = Release;
		};
		950C57272629EFC200F234FE /* Build configuration list for PBXNativeTarget "LazyBearUITests" */ = {
			isa = XCConfigurationList;
			buildConfigurations = (
				950C57282629EFC200F234FE /* Debug */,
				950C57292629EFC200F234FE /* Release */,
			);
			defaultConfigurationIsVisible = 0;
			defaultConfigurationName = Release;
		};
		95672B8625DDA54700DCBE4A /* Build configuration list for PBXProject "LazyBear" */ = {
			isa = XCConfigurationList;
			buildConfigurations = (
				95672B9D25DDA54800DCBE4A /* Debug */,
				95672B9E25DDA54800DCBE4A /* Release */,
			);
			defaultConfigurationIsVisible = 0;
			defaultConfigurationName = Release;
		};
		95672B9F25DDA54800DCBE4A /* Build configuration list for PBXNativeTarget "LazyBear" */ = {
			isa = XCConfigurationList;
			buildConfigurations = (
				95672BA025DDA54800DCBE4A /* Debug */,
				95672BA125DDA54800DCBE4A /* Release */,
			);
			defaultConfigurationIsVisible = 0;
			defaultConfigurationName = Release;
		};
/* End XCConfigurationList section */

/* Begin XCRemoteSwiftPackageReference section */
		950857A5266BD12D005357BA /* XCRemoteSwiftPackageReference "BetterSafariView" */ = {
			isa = XCRemoteSwiftPackageReference;
			repositoryURL = "https://github.com/stleamist/BetterSafariView.git";
			requirement = {
				kind = upToNextMajorVersion;
				minimumVersion = 2.3.1;
			};
		};
		9526E569266D34DF004B84EF /* XCRemoteSwiftPackageReference "StockCharts" */ = {
			isa = XCRemoteSwiftPackageReference;
			repositoryURL = "https://github.com/denniscm190/StockCharts.git";
			requirement = {
				kind = upToNextMajorVersion;
				minimumVersion = 1.2.2;
			};
		};
		954D7EC0260BE70C00A13C50 /* XCRemoteSwiftPackageReference "SwiftlySearch" */ = {
			isa = XCRemoteSwiftPackageReference;
			repositoryURL = "https://github.com/thislooksfun/SwiftlySearch.git";
			requirement = {
				kind = upToNextMajorVersion;
				minimumVersion = 1.2.4;
			};
		};
		9594331126691789004A0339 /* XCRemoteSwiftPackageReference "Bazooka" */ = {
			isa = XCRemoteSwiftPackageReference;
			repositoryURL = "https://github.com/denniscm190/Bazooka.git";
			requirement = {
				kind = upToNextMajorVersion;
				minimumVersion = 1.0.0;
			};
		};
		95A4B931263E9F810056F036 /* XCRemoteSwiftPackageReference "SwiftUI-Introspect" */ = {
			isa = XCRemoteSwiftPackageReference;
			repositoryURL = "https://github.com/siteline/SwiftUI-Introspect.git";
			requirement = {
				kind = upToNextMajorVersion;
				minimumVersion = 0.1.3;
			};
		};
/* End XCRemoteSwiftPackageReference section */

/* Begin XCSwiftPackageProductDependency section */
		950857A6266BD12D005357BA /* BetterSafariView */ = {
			isa = XCSwiftPackageProductDependency;
			package = 950857A5266BD12D005357BA /* XCRemoteSwiftPackageReference "BetterSafariView" */;
			productName = BetterSafariView;
		};
		9526E56A266D34DF004B84EF /* StockCharts */ = {
			isa = XCSwiftPackageProductDependency;
			package = 9526E569266D34DF004B84EF /* XCRemoteSwiftPackageReference "StockCharts" */;
			productName = StockCharts;
		};
		954D7EC1260BE70C00A13C50 /* SwiftlySearch */ = {
			isa = XCSwiftPackageProductDependency;
			package = 954D7EC0260BE70C00A13C50 /* XCRemoteSwiftPackageReference "SwiftlySearch" */;
			productName = SwiftlySearch;
		};
		9594331226691789004A0339 /* Bazooka */ = {
			isa = XCSwiftPackageProductDependency;
			package = 9594331126691789004A0339 /* XCRemoteSwiftPackageReference "Bazooka" */;
			productName = Bazooka;
		};
		95A4B932263E9F810056F036 /* Introspect */ = {
			isa = XCSwiftPackageProductDependency;
			package = 95A4B931263E9F810056F036 /* XCRemoteSwiftPackageReference "SwiftUI-Introspect" */;
			productName = Introspect;
		};
/* End XCSwiftPackageProductDependency section */

/* Begin XCVersionGroup section */
		95672B9925DDA54800DCBE4A /* LazyBear.xcdatamodeld */ = {
			isa = XCVersionGroup;
			children = (
				95672B9A25DDA54800DCBE4A /* LazyBear.xcdatamodel */,
			);
			currentVersion = 95672B9A25DDA54800DCBE4A /* LazyBear.xcdatamodel */;
			path = LazyBear.xcdatamodeld;
			sourceTree = "<group>";
			versionGroupType = wrapper.xcdatamodel;
		};
/* End XCVersionGroup section */
	};
	rootObject = 95672B8325DDA54700DCBE4A /* Project object */;
}
