// !$*UTF8*$!
{
	archiveVersion = 1;
	classes = {
	};
	objectVersion = 52;
	objects = {

/* Begin PBXBuildFile section */
		95002580256D17D9008FFD28 /* StoreKit.framework in Frameworks */ = {isa = PBXBuildFile; fileRef = 9500257F256D17D9008FFD28 /* StoreKit.framework */; };
		950B79F625B1CB7A00E5DB5B /* CompanyList.swift in Sources */ = {isa = PBXBuildFile; fileRef = 950B79F525B1CB7A00E5DB5B /* CompanyList.swift */; };
		952498B325BB381300B00E22 /* CurrentPrice.swift in Sources */ = {isa = PBXBuildFile; fileRef = 952498B225BB381300B00E22 /* CurrentPrice.swift */; };
		952498B625BB47A700B00E22 /* LatestPriceModel.swift in Sources */ = {isa = PBXBuildFile; fileRef = 952498B525BB47A700B00E22 /* LatestPriceModel.swift */; };
		952498B925BB481100B00E22 /* LatestPrice.swift in Sources */ = {isa = PBXBuildFile; fileRef = 952498B825BB481100B00E22 /* LatestPrice.swift */; };
		954D992225A2105F001F7F60 /* companies.json in Resources */ = {isa = PBXBuildFile; fileRef = 954D992125A2105F001F7F60 /* companies.json */; };
		954D992525A2123B001F7F60 /* HistoricalPricesModel.swift in Sources */ = {isa = PBXBuildFile; fileRef = 954D992425A2123B001F7F60 /* HistoricalPricesModel.swift */; };
		954D996D25A2461B001F7F60 /* SwiftUICharts in Frameworks */ = {isa = PBXBuildFile; productRef = 954D996C25A2461B001F7F60 /* SwiftUICharts */; };
		954D997125A253A9001F7F60 /* Config.swift in Sources */ = {isa = PBXBuildFile; fileRef = 954D997025A253A9001F7F60 /* Config.swift */; };
		954D998325A27571001F7F60 /* HistoricalPrices.swift in Sources */ = {isa = PBXBuildFile; fileRef = 954D998225A27571001F7F60 /* HistoricalPrices.swift */; };
		9552A61F25B06580001CD0C8 /* SampleConfig.swift in Sources */ = {isa = PBXBuildFile; fileRef = 9552A61E25B0657F001CD0C8 /* SampleConfig.swift */; };
		95612C512598D48200F7698F /* SearchBar.swift in Sources */ = {isa = PBXBuildFile; fileRef = 95612C4F2598D48200F7698F /* SearchBar.swift */; };
		956FAF7B25AF421E0002B2C1 /* FavCompany+CoreDataClass.swift in Sources */ = {isa = PBXBuildFile; fileRef = 956FAF7925AF421E0002B2C1 /* FavCompany+CoreDataClass.swift */; };
		956FAF7C25AF421E0002B2C1 /* FavCompany+CoreDataProperties.swift in Sources */ = {isa = PBXBuildFile; fileRef = 956FAF7A25AF421E0002B2C1 /* FavCompany+CoreDataProperties.swift */; };
		958E472B25B1CA8B0048E770 /* FavCompanyList.swift in Sources */ = {isa = PBXBuildFile; fileRef = 958E472A25B1CA8B0048E770 /* FavCompanyList.swift */; };
		95AB4A7A259DCBAE0064C9C1 /* ReadJson.swift in Sources */ = {isa = PBXBuildFile; fileRef = 95AB4A79259DCBAE0064C9C1 /* ReadJson.swift */; };
		95AB4A7D259DCC0C0064C9C1 /* CompanyDataModel.swift in Sources */ = {isa = PBXBuildFile; fileRef = 95AB4A7C259DCC0C0064C9C1 /* CompanyDataModel.swift */; };
		95AB4A90259DD66D0064C9C1 /* CompanyRow.swift in Sources */ = {isa = PBXBuildFile; fileRef = 95AB4A8F259DD66D0064C9C1 /* CompanyRow.swift */; };
		95B04EB325212369000AD27F /* LazyBearApp.swift in Sources */ = {isa = PBXBuildFile; fileRef = 95B04EB225212369000AD27F /* LazyBearApp.swift */; };
		95B04EB525212369000AD27F /* ContentView.swift in Sources */ = {isa = PBXBuildFile; fileRef = 95B04EB425212369000AD27F /* ContentView.swift */; };
		95B04EB72521236A000AD27F /* Assets.xcassets in Resources */ = {isa = PBXBuildFile; fileRef = 95B04EB62521236A000AD27F /* Assets.xcassets */; };
		95D1BF4925ADCF7700E5D063 /* Persistence.swift in Sources */ = {isa = PBXBuildFile; fileRef = 95D1BF4825ADCF7700E5D063 /* Persistence.swift */; };
		95E0287825B88F0B00020CF2 /* formDescription.json in Resources */ = {isa = PBXBuildFile; fileRef = 95E0287725B88F0B00020CF2 /* formDescription.json */; };
		95E0287B25B88F3C00020CF2 /* FormDescription.swift in Sources */ = {isa = PBXBuildFile; fileRef = 95E0287A25B88F3C00020CF2 /* FormDescription.swift */; };
		95F6C2DD25BAD394003CF389 /* FavCompanyRow.swift in Sources */ = {isa = PBXBuildFile; fileRef = 95F6C2DC25BAD394003CF389 /* FavCompanyRow.swift */; };
		95F6C2E425BAD529003CF389 /* RandomColor.swift in Sources */ = {isa = PBXBuildFile; fileRef = 95F6C2E325BAD529003CF389 /* RandomColor.swift */; };
		95F6C2F025BAE2ED003CF389 /* Company.swift in Sources */ = {isa = PBXBuildFile; fileRef = 95F6C2EF25BAE2ED003CF389 /* Company.swift */; };
		95F6C2F325BAE3D1003CF389 /* Stock.swift in Sources */ = {isa = PBXBuildFile; fileRef = 95F6C2F225BAE3D1003CF389 /* Stock.swift */; };
		95F6C2FE25BAEBBD003CF389 /* HeaderWatchList.swift in Sources */ = {isa = PBXBuildFile; fileRef = 95F6C2FD25BAEBBD003CF389 /* HeaderWatchList.swift */; };
		95F6C30125BAEC8B003CF389 /* ShowingCompany.swift in Sources */ = {isa = PBXBuildFile; fileRef = 95F6C30025BAEC8B003CF389 /* ShowingCompany.swift */; };
		95F6C30525BAF599003CF389 /* CompanyHeader.swift in Sources */ = {isa = PBXBuildFile; fileRef = 95F6C30425BAF599003CF389 /* CompanyHeader.swift */; };
		95F6C30925BAF7C2003CF389 /* DateSelection.swift in Sources */ = {isa = PBXBuildFile; fileRef = 95F6C30825BAF7C2003CF389 /* DateSelection.swift */; };
		95F6C30C25BAFDF5003CF389 /* Insiders.swift in Sources */ = {isa = PBXBuildFile; fileRef = 95F6C30B25BAFDF5003CF389 /* Insiders.swift */; };
		95F6C31125BAFFB8003CF389 /* AddWatchlist.swift in Sources */ = {isa = PBXBuildFile; fileRef = 95F6C31025BAFFB8003CF389 /* AddWatchlist.swift */; };
		95F7CAF625ADC7B7009E0E7C /* LazyBear.xcdatamodeld in Sources */ = {isa = PBXBuildFile; fileRef = 95F7CAF425ADC7B7009E0E7C /* LazyBear.xcdatamodeld */; };
/* End PBXBuildFile section */

/* Begin PBXFileReference section */
		95002578256D1564008FFD28 /* Configuration.storekit */ = {isa = PBXFileReference; lastKnownFileType = text; path = Configuration.storekit; sourceTree = "<group>"; };
		9500257F256D17D9008FFD28 /* StoreKit.framework */ = {isa = PBXFileReference; lastKnownFileType = wrapper.framework; name = StoreKit.framework; path = System/Library/Frameworks/StoreKit.framework; sourceTree = SDKROOT; };
		950B79F525B1CB7A00E5DB5B /* CompanyList.swift */ = {isa = PBXFileReference; lastKnownFileType = sourcecode.swift; path = CompanyList.swift; sourceTree = "<group>"; };
		952498B225BB381300B00E22 /* CurrentPrice.swift */ = {isa = PBXFileReference; lastKnownFileType = sourcecode.swift; path = CurrentPrice.swift; sourceTree = "<group>"; };
		952498B525BB47A700B00E22 /* LatestPriceModel.swift */ = {isa = PBXFileReference; lastKnownFileType = sourcecode.swift; name = LatestPriceModel.swift; path = lazybear/Models/LatestPriceModel.swift; sourceTree = SOURCE_ROOT; };
		952498B825BB481100B00E22 /* LatestPrice.swift */ = {isa = PBXFileReference; lastKnownFileType = sourcecode.swift; name = LatestPrice.swift; path = lazybear/Functions/LatestPrice.swift; sourceTree = SOURCE_ROOT; };
		954D992125A2105F001F7F60 /* companies.json */ = {isa = PBXFileReference; fileEncoding = 4; lastKnownFileType = text.json; name = companies.json; path = lazybear/Data/companies.json; sourceTree = SOURCE_ROOT; };
		954D992425A2123B001F7F60 /* HistoricalPricesModel.swift */ = {isa = PBXFileReference; lastKnownFileType = sourcecode.swift; name = HistoricalPricesModel.swift; path = lazybear/Models/HistoricalPricesModel.swift; sourceTree = SOURCE_ROOT; };
		954D997025A253A9001F7F60 /* Config.swift */ = {isa = PBXFileReference; lastKnownFileType = sourcecode.swift; name = Config.swift; path = lazybear/Config.swift; sourceTree = SOURCE_ROOT; };
		954D998225A27571001F7F60 /* HistoricalPrices.swift */ = {isa = PBXFileReference; lastKnownFileType = sourcecode.swift; name = HistoricalPrices.swift; path = lazybear/Functions/HistoricalPrices.swift; sourceTree = SOURCE_ROOT; };
		9552A61E25B0657F001CD0C8 /* SampleConfig.swift */ = {isa = PBXFileReference; lastKnownFileType = sourcecode.swift; name = SampleConfig.swift; path = lazybear/SampleConfig.swift; sourceTree = SOURCE_ROOT; };
		95612C4F2598D48200F7698F /* SearchBar.swift */ = {isa = PBXFileReference; fileEncoding = 4; lastKnownFileType = sourcecode.swift; path = SearchBar.swift; sourceTree = "<group>"; };
		956FAF7925AF421E0002B2C1 /* FavCompany+CoreDataClass.swift */ = {isa = PBXFileReference; lastKnownFileType = sourcecode.swift; path = "FavCompany+CoreDataClass.swift"; sourceTree = "<group>"; };
		956FAF7A25AF421E0002B2C1 /* FavCompany+CoreDataProperties.swift */ = {isa = PBXFileReference; lastKnownFileType = sourcecode.swift; path = "FavCompany+CoreDataProperties.swift"; sourceTree = "<group>"; };
		958E472A25B1CA8B0048E770 /* FavCompanyList.swift */ = {isa = PBXFileReference; lastKnownFileType = sourcecode.swift; name = FavCompanyList.swift; path = "lazybear/Supply views/FavCompanyList.swift"; sourceTree = SOURCE_ROOT; };
		95AB4A79259DCBAE0064C9C1 /* ReadJson.swift */ = {isa = PBXFileReference; lastKnownFileType = sourcecode.swift; name = ReadJson.swift; path = lazybear/Functions/ReadJson.swift; sourceTree = SOURCE_ROOT; };
		95AB4A7C259DCC0C0064C9C1 /* CompanyDataModel.swift */ = {isa = PBXFileReference; lastKnownFileType = sourcecode.swift; name = CompanyDataModel.swift; path = lazybear/Models/CompanyDataModel.swift; sourceTree = SOURCE_ROOT; };
		95AB4A8F259DD66D0064C9C1 /* CompanyRow.swift */ = {isa = PBXFileReference; lastKnownFileType = sourcecode.swift; path = CompanyRow.swift; sourceTree = "<group>"; };
		95B04EAF25212369000AD27F /* LazyBear.app */ = {isa = PBXFileReference; explicitFileType = wrapper.application; includeInIndex = 0; path = LazyBear.app; sourceTree = BUILT_PRODUCTS_DIR; };
		95B04EB225212369000AD27F /* LazyBearApp.swift */ = {isa = PBXFileReference; lastKnownFileType = sourcecode.swift; path = LazyBearApp.swift; sourceTree = "<group>"; };
		95B04EB425212369000AD27F /* ContentView.swift */ = {isa = PBXFileReference; lastKnownFileType = sourcecode.swift; path = ContentView.swift; sourceTree = "<group>"; };
		95B04EB62521236A000AD27F /* Assets.xcassets */ = {isa = PBXFileReference; lastKnownFileType = folder.assetcatalog; path = Assets.xcassets; sourceTree = "<group>"; };
		95B04EBB2521236A000AD27F /* Info.plist */ = {isa = PBXFileReference; lastKnownFileType = text.plist.xml; path = Info.plist; sourceTree = "<group>"; };
		95D1BF4825ADCF7700E5D063 /* Persistence.swift */ = {isa = PBXFileReference; lastKnownFileType = sourcecode.swift; name = Persistence.swift; path = "LazyBear/Core Data/Persistence.swift"; sourceTree = SOURCE_ROOT; };
		95E0287725B88F0B00020CF2 /* formDescription.json */ = {isa = PBXFileReference; fileEncoding = 4; lastKnownFileType = text.json; name = formDescription.json; path = lazybear/Data/formDescription.json; sourceTree = SOURCE_ROOT; };
		95E0287A25B88F3C00020CF2 /* FormDescription.swift */ = {isa = PBXFileReference; lastKnownFileType = sourcecode.swift; name = FormDescription.swift; path = lazybear/Models/FormDescription.swift; sourceTree = SOURCE_ROOT; };
		95F6C2DC25BAD394003CF389 /* FavCompanyRow.swift */ = {isa = PBXFileReference; lastKnownFileType = sourcecode.swift; path = FavCompanyRow.swift; sourceTree = "<group>"; };
		95F6C2E325BAD529003CF389 /* RandomColor.swift */ = {isa = PBXFileReference; lastKnownFileType = sourcecode.swift; name = RandomColor.swift; path = lazybear/Functions/RandomColor.swift; sourceTree = SOURCE_ROOT; };
		95F6C2EF25BAE2ED003CF389 /* Company.swift */ = {isa = PBXFileReference; lastKnownFileType = sourcecode.swift; path = Company.swift; sourceTree = "<group>"; };
		95F6C2F225BAE3D1003CF389 /* Stock.swift */ = {isa = PBXFileReference; lastKnownFileType = sourcecode.swift; path = Stock.swift; sourceTree = "<group>"; };
		95F6C2FD25BAEBBD003CF389 /* HeaderWatchList.swift */ = {isa = PBXFileReference; lastKnownFileType = sourcecode.swift; path = HeaderWatchList.swift; sourceTree = "<group>"; };
		95F6C30025BAEC8B003CF389 /* ShowingCompany.swift */ = {isa = PBXFileReference; lastKnownFileType = sourcecode.swift; name = ShowingCompany.swift; path = lazybear/Models/ShowingCompany.swift; sourceTree = SOURCE_ROOT; };
		95F6C30425BAF599003CF389 /* CompanyHeader.swift */ = {isa = PBXFileReference; lastKnownFileType = sourcecode.swift; path = CompanyHeader.swift; sourceTree = "<group>"; };
		95F6C30825BAF7C2003CF389 /* DateSelection.swift */ = {isa = PBXFileReference; lastKnownFileType = sourcecode.swift; path = DateSelection.swift; sourceTree = "<group>"; };
		95F6C30B25BAFDF5003CF389 /* Insiders.swift */ = {isa = PBXFileReference; lastKnownFileType = sourcecode.swift; path = Insiders.swift; sourceTree = "<group>"; };
		95F6C31025BAFFB8003CF389 /* AddWatchlist.swift */ = {isa = PBXFileReference; lastKnownFileType = sourcecode.swift; path = AddWatchlist.swift; sourceTree = "<group>"; };
		95F7CAF525ADC7B7009E0E7C /* LazyBear.xcdatamodel */ = {isa = PBXFileReference; lastKnownFileType = wrapper.xcdatamodel; path = LazyBear.xcdatamodel; sourceTree = "<group>"; };
/* End PBXFileReference section */

/* Begin PBXFrameworksBuildPhase section */
		95B04EAC25212369000AD27F /* Frameworks */ = {
			isa = PBXFrameworksBuildPhase;
			buildActionMask = 2147483647;
			files = (
				95002580256D17D9008FFD28 /* StoreKit.framework in Frameworks */,
				954D996D25A2461B001F7F60 /* SwiftUICharts in Frameworks */,
			);
			runOnlyForDeploymentPostprocessing = 0;
		};
/* End PBXFrameworksBuildPhase section */

/* Begin PBXGroup section */
		9500257E256D17D9008FFD28 /* Frameworks */ = {
			isa = PBXGroup;
			children = (
				9500257F256D17D9008FFD28 /* StoreKit.framework */,
			);
			name = Frameworks;
			sourceTree = "<group>";
		};
		952F791C2598B1CD00FF929F /* Tests */ = {
			isa = PBXGroup;
			children = (
			);
			path = Tests;
			sourceTree = "<group>";
		};
		95612C4D2598D48200F7698F /* Supply views */ = {
			isa = PBXGroup;
			children = (
				95612C4F2598D48200F7698F /* SearchBar.swift */,
				958E472A25B1CA8B0048E770 /* FavCompanyList.swift */,
				95F6C2DC25BAD394003CF389 /* FavCompanyRow.swift */,
				95F6C2FD25BAEBBD003CF389 /* HeaderWatchList.swift */,
				950B79F525B1CB7A00E5DB5B /* CompanyList.swift */,
				95AB4A8F259DD66D0064C9C1 /* CompanyRow.swift */,
				95F6C30425BAF599003CF389 /* CompanyHeader.swift */,
				95F6C2F225BAE3D1003CF389 /* Stock.swift */,
				952498B225BB381300B00E22 /* CurrentPrice.swift */,
				95F6C30825BAF7C2003CF389 /* DateSelection.swift */,
				95F6C31025BAFFB8003CF389 /* AddWatchlist.swift */,
				95F6C30B25BAFDF5003CF389 /* Insiders.swift */,
			);
			name = "Supply views";
			path = "lazybear/Supply views";
			sourceTree = SOURCE_ROOT;
		};
		95855384259CD9800081CF24 /* Functions */ = {
			isa = PBXGroup;
			children = (
				95AB4A79259DCBAE0064C9C1 /* ReadJson.swift */,
				954D998225A27571001F7F60 /* HistoricalPrices.swift */,
				95F6C2E325BAD529003CF389 /* RandomColor.swift */,
				952498B825BB481100B00E22 /* LatestPrice.swift */,
			);
			path = Functions;
			sourceTree = "<group>";
		};
		9592F496259D29F1005AB6F1 /* Models */ = {
			isa = PBXGroup;
			children = (
				95AB4A7C259DCC0C0064C9C1 /* CompanyDataModel.swift */,
				954D992425A2123B001F7F60 /* HistoricalPricesModel.swift */,
				95E0287A25B88F3C00020CF2 /* FormDescription.swift */,
				95F6C30025BAEC8B003CF389 /* ShowingCompany.swift */,
				952498B525BB47A700B00E22 /* LatestPriceModel.swift */,
			);
			path = Models;
			sourceTree = "<group>";
		};
		95AB4A71259DCAB20064C9C1 /* Data */ = {
			isa = PBXGroup;
			children = (
				95E0287725B88F0B00020CF2 /* formDescription.json */,
				954D992125A2105F001F7F60 /* companies.json */,
			);
			path = Data;
			sourceTree = "<group>";
		};
		95B04EA625212369000AD27F = {
			isa = PBXGroup;
			children = (
				956FAF7925AF421E0002B2C1 /* FavCompany+CoreDataClass.swift */,
				956FAF7A25AF421E0002B2C1 /* FavCompany+CoreDataProperties.swift */,
				95B04EB125212369000AD27F /* LazyBear */,
				95B04EB025212369000AD27F /* Products */,
				9500257E256D17D9008FFD28 /* Frameworks */,
			);
			sourceTree = "<group>";
		};
		95B04EB025212369000AD27F /* Products */ = {
			isa = PBXGroup;
			children = (
				95B04EAF25212369000AD27F /* LazyBear.app */,
			);
			name = Products;
			sourceTree = "<group>";
		};
		95B04EB125212369000AD27F /* LazyBear */ = {
			isa = PBXGroup;
			children = (
				95D1BF4E25ADD2BA00E5D063 /* Core Data */,
				95B04EB62521236A000AD27F /* Assets.xcassets */,
				95B04EBB2521236A000AD27F /* Info.plist */,
				95002578256D1564008FFD28 /* Configuration.storekit */,
				95F7CAF425ADC7B7009E0E7C /* LazyBear.xcdatamodeld */,
				954D997025A253A9001F7F60 /* Config.swift */,
				9552A61E25B0657F001CD0C8 /* SampleConfig.swift */,
				95B04EB225212369000AD27F /* LazyBearApp.swift */,
				95B04EB425212369000AD27F /* ContentView.swift */,
				95F6C2EF25BAE2ED003CF389 /* Company.swift */,
				95612C4D2598D48200F7698F /* Supply views */,
				95855384259CD9800081CF24 /* Functions */,
				9592F496259D29F1005AB6F1 /* Models */,
				95AB4A71259DCAB20064C9C1 /* Data */,
				952F791C2598B1CD00FF929F /* Tests */,
			);
			path = LazyBear;
			sourceTree = "<group>";
		};
		95D1BF4E25ADD2BA00E5D063 /* Core Data */ = {
			isa = PBXGroup;
			children = (
				95D1BF4825ADCF7700E5D063 /* Persistence.swift */,
			);
			path = "Core Data";
			sourceTree = "<group>";
		};
/* End PBXGroup section */

/* Begin PBXNativeTarget section */
		95B04EAE25212369000AD27F /* LazyBear */ = {
			isa = PBXNativeTarget;
			buildConfigurationList = 95B04EBE2521236A000AD27F /* Build configuration list for PBXNativeTarget "LazyBear" */;
			buildPhases = (
				95B04EAB25212369000AD27F /* Sources */,
				95B04EAC25212369000AD27F /* Frameworks */,
				95B04EAD25212369000AD27F /* Resources */,
			);
			buildRules = (
			);
			dependencies = (
			);
			name = LazyBear;
			packageProductDependencies = (
				954D996C25A2461B001F7F60 /* SwiftUICharts */,
			);
			productName = LazyBear;
			productReference = 95B04EAF25212369000AD27F /* LazyBear.app */;
			productType = "com.apple.product-type.application";
		};
/* End PBXNativeTarget section */

/* Begin PBXProject section */
		95B04EA725212369000AD27F /* Project object */ = {
			isa = PBXProject;
			attributes = {
				LastSwiftUpdateCheck = 1200;
				LastUpgradeCheck = 1200;
				TargetAttributes = {
					95B04EAE25212369000AD27F = {
						CreatedOnToolsVersion = 12.0.1;
					};
				};
			};
			buildConfigurationList = 95B04EAA25212369000AD27F /* Build configuration list for PBXProject "LazyBear" */;
			compatibilityVersion = "Xcode 9.3";
			developmentRegion = en;
			hasScannedForEncodings = 0;
			knownRegions = (
				en,
				Base,
			);
			mainGroup = 95B04EA625212369000AD27F;
			packageReferences = (
				954D996B25A2461B001F7F60 /* XCRemoteSwiftPackageReference "ChartView" */,
			);
			productRefGroup = 95B04EB025212369000AD27F /* Products */;
			projectDirPath = "";
			projectRoot = "";
			targets = (
				95B04EAE25212369000AD27F /* LazyBear */,
			);
		};
/* End PBXProject section */

/* Begin PBXResourcesBuildPhase section */
		95B04EAD25212369000AD27F /* Resources */ = {
			isa = PBXResourcesBuildPhase;
			buildActionMask = 2147483647;
			files = (
				95B04EB72521236A000AD27F /* Assets.xcassets in Resources */,
				95E0287825B88F0B00020CF2 /* formDescription.json in Resources */,
				954D992225A2105F001F7F60 /* companies.json in Resources */,
			);
			runOnlyForDeploymentPostprocessing = 0;
		};
/* End PBXResourcesBuildPhase section */

/* Begin PBXSourcesBuildPhase section */
		95B04EAB25212369000AD27F /* Sources */ = {
			isa = PBXSourcesBuildPhase;
			buildActionMask = 2147483647;
			files = (
				95AB4A7A259DCBAE0064C9C1 /* ReadJson.swift in Sources */,
				95E0287B25B88F3C00020CF2 /* FormDescription.swift in Sources */,
				952498B625BB47A700B00E22 /* LatestPriceModel.swift in Sources */,
				95F6C30525BAF599003CF389 /* CompanyHeader.swift in Sources */,
				952498B325BB381300B00E22 /* CurrentPrice.swift in Sources */,
				95F6C2FE25BAEBBD003CF389 /* HeaderWatchList.swift in Sources */,
				95612C512598D48200F7698F /* SearchBar.swift in Sources */,
				950B79F625B1CB7A00E5DB5B /* CompanyList.swift in Sources */,
				956FAF7C25AF421E0002B2C1 /* FavCompany+CoreDataProperties.swift in Sources */,
				95B04EB525212369000AD27F /* ContentView.swift in Sources */,
				95AB4A90259DD66D0064C9C1 /* CompanyRow.swift in Sources */,
				95F6C30125BAEC8B003CF389 /* ShowingCompany.swift in Sources */,
				95F6C30925BAF7C2003CF389 /* DateSelection.swift in Sources */,
				95F6C2F025BAE2ED003CF389 /* Company.swift in Sources */,
				95D1BF4925ADCF7700E5D063 /* Persistence.swift in Sources */,
				958E472B25B1CA8B0048E770 /* FavCompanyList.swift in Sources */,
				952498B925BB481100B00E22 /* LatestPrice.swift in Sources */,
				95F6C30C25BAFDF5003CF389 /* Insiders.swift in Sources */,
				956FAF7B25AF421E0002B2C1 /* FavCompany+CoreDataClass.swift in Sources */,
				95F6C31125BAFFB8003CF389 /* AddWatchlist.swift in Sources */,
				95B04EB325212369000AD27F /* LazyBearApp.swift in Sources */,
				95F6C2F325BAE3D1003CF389 /* Stock.swift in Sources */,
				954D998325A27571001F7F60 /* HistoricalPrices.swift in Sources */,
				95AB4A7D259DCC0C0064C9C1 /* CompanyDataModel.swift in Sources */,
				95F6C2DD25BAD394003CF389 /* FavCompanyRow.swift in Sources */,
				95F6C2E425BAD529003CF389 /* RandomColor.swift in Sources */,
				954D997125A253A9001F7F60 /* Config.swift in Sources */,
				9552A61F25B06580001CD0C8 /* SampleConfig.swift in Sources */,
				954D992525A2123B001F7F60 /* HistoricalPricesModel.swift in Sources */,
				95F7CAF625ADC7B7009E0E7C /* LazyBear.xcdatamodeld in Sources */,
			);
			runOnlyForDeploymentPostprocessing = 0;
		};
/* End PBXSourcesBuildPhase section */

/* Begin XCBuildConfiguration section */
		95B04EBC2521236A000AD27F /* Debug */ = {
			isa = XCBuildConfiguration;
			buildSettings = {
				ALWAYS_SEARCH_USER_PATHS = NO;
				CLANG_ANALYZER_NONNULL = YES;
				CLANG_ANALYZER_NUMBER_OBJECT_CONVERSION = YES_AGGRESSIVE;
				CLANG_CXX_LANGUAGE_STANDARD = "gnu++14";
				CLANG_CXX_LIBRARY = "libc++";
				CLANG_ENABLE_MODULES = YES;
				CLANG_ENABLE_OBJC_ARC = YES;
				CLANG_ENABLE_OBJC_WEAK = YES;
				CLANG_WARN_BLOCK_CAPTURE_AUTORELEASING = YES;
				CLANG_WARN_BOOL_CONVERSION = YES;
				CLANG_WARN_COMMA = YES;
				CLANG_WARN_CONSTANT_CONVERSION = YES;
				CLANG_WARN_DEPRECATED_OBJC_IMPLEMENTATIONS = YES;
				CLANG_WARN_DIRECT_OBJC_ISA_USAGE = YES_ERROR;
				CLANG_WARN_DOCUMENTATION_COMMENTS = YES;
				CLANG_WARN_EMPTY_BODY = YES;
				CLANG_WARN_ENUM_CONVERSION = YES;
				CLANG_WARN_INFINITE_RECURSION = YES;
				CLANG_WARN_INT_CONVERSION = YES;
				CLANG_WARN_NON_LITERAL_NULL_CONVERSION = YES;
				CLANG_WARN_OBJC_IMPLICIT_RETAIN_SELF = YES;
				CLANG_WARN_OBJC_LITERAL_CONVERSION = YES;
				CLANG_WARN_OBJC_ROOT_CLASS = YES_ERROR;
				CLANG_WARN_QUOTED_INCLUDE_IN_FRAMEWORK_HEADER = YES;
				CLANG_WARN_RANGE_LOOP_ANALYSIS = YES;
				CLANG_WARN_STRICT_PROTOTYPES = YES;
				CLANG_WARN_SUSPICIOUS_MOVE = YES;
				CLANG_WARN_UNGUARDED_AVAILABILITY = YES_AGGRESSIVE;
				CLANG_WARN_UNREACHABLE_CODE = YES;
				CLANG_WARN__DUPLICATE_METHOD_MATCH = YES;
				COPY_PHASE_STRIP = NO;
				DEBUG_INFORMATION_FORMAT = dwarf;
				ENABLE_STRICT_OBJC_MSGSEND = YES;
				ENABLE_TESTABILITY = YES;
				GCC_C_LANGUAGE_STANDARD = gnu11;
				GCC_DYNAMIC_NO_PIC = NO;
				GCC_NO_COMMON_BLOCKS = YES;
				GCC_OPTIMIZATION_LEVEL = 0;
				GCC_PREPROCESSOR_DEFINITIONS = (
					"DEBUG=1",
					"$(inherited)",
				);
				GCC_WARN_64_TO_32_BIT_CONVERSION = YES;
				GCC_WARN_ABOUT_RETURN_TYPE = YES_ERROR;
				GCC_WARN_UNDECLARED_SELECTOR = YES;
				GCC_WARN_UNINITIALIZED_AUTOS = YES_AGGRESSIVE;
				GCC_WARN_UNUSED_FUNCTION = YES;
				GCC_WARN_UNUSED_VARIABLE = YES;
				IPHONEOS_DEPLOYMENT_TARGET = 14.0;
				MTL_ENABLE_DEBUG_INFO = INCLUDE_SOURCE;
				MTL_FAST_MATH = YES;
				ONLY_ACTIVE_ARCH = YES;
				SDKROOT = iphoneos;
				SWIFT_ACTIVE_COMPILATION_CONDITIONS = DEBUG;
				SWIFT_OPTIMIZATION_LEVEL = "-Onone";
			};
			name = Debug;
		};
		95B04EBD2521236A000AD27F /* Release */ = {
			isa = XCBuildConfiguration;
			buildSettings = {
				ALWAYS_SEARCH_USER_PATHS = NO;
				CLANG_ANALYZER_NONNULL = YES;
				CLANG_ANALYZER_NUMBER_OBJECT_CONVERSION = YES_AGGRESSIVE;
				CLANG_CXX_LANGUAGE_STANDARD = "gnu++14";
				CLANG_CXX_LIBRARY = "libc++";
				CLANG_ENABLE_MODULES = YES;
				CLANG_ENABLE_OBJC_ARC = YES;
				CLANG_ENABLE_OBJC_WEAK = YES;
				CLANG_WARN_BLOCK_CAPTURE_AUTORELEASING = YES;
				CLANG_WARN_BOOL_CONVERSION = YES;
				CLANG_WARN_COMMA = YES;
				CLANG_WARN_CONSTANT_CONVERSION = YES;
				CLANG_WARN_DEPRECATED_OBJC_IMPLEMENTATIONS = YES;
				CLANG_WARN_DIRECT_OBJC_ISA_USAGE = YES_ERROR;
				CLANG_WARN_DOCUMENTATION_COMMENTS = YES;
				CLANG_WARN_EMPTY_BODY = YES;
				CLANG_WARN_ENUM_CONVERSION = YES;
				CLANG_WARN_INFINITE_RECURSION = YES;
				CLANG_WARN_INT_CONVERSION = YES;
				CLANG_WARN_NON_LITERAL_NULL_CONVERSION = YES;
				CLANG_WARN_OBJC_IMPLICIT_RETAIN_SELF = YES;
				CLANG_WARN_OBJC_LITERAL_CONVERSION = YES;
				CLANG_WARN_OBJC_ROOT_CLASS = YES_ERROR;
				CLANG_WARN_QUOTED_INCLUDE_IN_FRAMEWORK_HEADER = YES;
				CLANG_WARN_RANGE_LOOP_ANALYSIS = YES;
				CLANG_WARN_STRICT_PROTOTYPES = YES;
				CLANG_WARN_SUSPICIOUS_MOVE = YES;
				CLANG_WARN_UNGUARDED_AVAILABILITY = YES_AGGRESSIVE;
				CLANG_WARN_UNREACHABLE_CODE = YES;
				CLANG_WARN__DUPLICATE_METHOD_MATCH = YES;
				COPY_PHASE_STRIP = NO;
				DEBUG_INFORMATION_FORMAT = "dwarf-with-dsym";
				ENABLE_NS_ASSERTIONS = NO;
				ENABLE_STRICT_OBJC_MSGSEND = YES;
				GCC_C_LANGUAGE_STANDARD = gnu11;
				GCC_NO_COMMON_BLOCKS = YES;
				GCC_WARN_64_TO_32_BIT_CONVERSION = YES;
				GCC_WARN_ABOUT_RETURN_TYPE = YES_ERROR;
				GCC_WARN_UNDECLARED_SELECTOR = YES;
				GCC_WARN_UNINITIALIZED_AUTOS = YES_AGGRESSIVE;
				GCC_WARN_UNUSED_FUNCTION = YES;
				GCC_WARN_UNUSED_VARIABLE = YES;
				IPHONEOS_DEPLOYMENT_TARGET = 14.0;
				MTL_ENABLE_DEBUG_INFO = NO;
				MTL_FAST_MATH = YES;
				SDKROOT = iphoneos;
				SWIFT_COMPILATION_MODE = wholemodule;
				SWIFT_OPTIMIZATION_LEVEL = "-O";
				VALIDATE_PRODUCT = YES;
			};
			name = Release;
		};
		95B04EBF2521236A000AD27F /* Debug */ = {
			isa = XCBuildConfiguration;
			buildSettings = {
				ASSETCATALOG_COMPILER_APPICON_NAME = AppIcon;
				ASSETCATALOG_COMPILER_GLOBAL_ACCENT_COLOR_NAME = "";
				CODE_SIGN_ENTITLEMENTS = "";
				CODE_SIGN_STYLE = Automatic;
				CURRENT_PROJECT_VERSION = 4;
				DEVELOPMENT_ASSET_PATHS = LazyBear/Assets.xcassets;
				DEVELOPMENT_TEAM = MTX83R5H8X;
				ENABLE_PREVIEWS = YES;
				INFOPLIST_FILE = LazyBear/Info.plist;
				IPHONEOS_DEPLOYMENT_TARGET = 14.0;
				LD_RUNPATH_SEARCH_PATHS = (
					"$(inherited)",
					"@executable_path/Frameworks",
				);
				MACOSX_DEPLOYMENT_TARGET = 14;
				MARKETING_VERSION = 3.0;
				PRODUCT_BUNDLE_IDENTIFIER = dennis.LazyBear;
				PRODUCT_NAME = "$(TARGET_NAME)";
				SUPPORTS_MACCATALYST = NO;
				SWIFT_VERSION = 5.0;
				TARGETED_DEVICE_FAMILY = "1,2";
			};
			name = Debug;
		};
		95B04EC02521236A000AD27F /* Release */ = {
			isa = XCBuildConfiguration;
			buildSettings = {
				ASSETCATALOG_COMPILER_APPICON_NAME = AppIcon;
				ASSETCATALOG_COMPILER_GLOBAL_ACCENT_COLOR_NAME = "";
				CODE_SIGN_ENTITLEMENTS = "";
				CODE_SIGN_STYLE = Automatic;
				CURRENT_PROJECT_VERSION = 4;
				DEVELOPMENT_ASSET_PATHS = LazyBear/Assets.xcassets;
				DEVELOPMENT_TEAM = MTX83R5H8X;
				ENABLE_PREVIEWS = YES;
				INFOPLIST_FILE = LazyBear/Info.plist;
				IPHONEOS_DEPLOYMENT_TARGET = 14.0;
				LD_RUNPATH_SEARCH_PATHS = (
					"$(inherited)",
					"@executable_path/Frameworks",
				);
				MACOSX_DEPLOYMENT_TARGET = 14;
				MARKETING_VERSION = 3.0;
				PRODUCT_BUNDLE_IDENTIFIER = dennis.LazyBear;
				PRODUCT_NAME = "$(TARGET_NAME)";
				SUPPORTS_MACCATALYST = NO;
				SWIFT_VERSION = 5.0;
				TARGETED_DEVICE_FAMILY = "1,2";
			};
			name = Release;
		};
/* End XCBuildConfiguration section */

/* Begin XCConfigurationList section */
		95B04EAA25212369000AD27F /* Build configuration list for PBXProject "LazyBear" */ = {
			isa = XCConfigurationList;
			buildConfigurations = (
				95B04EBC2521236A000AD27F /* Debug */,
				95B04EBD2521236A000AD27F /* Release */,
			);
			defaultConfigurationIsVisible = 0;
			defaultConfigurationName = Release;
		};
		95B04EBE2521236A000AD27F /* Build configuration list for PBXNativeTarget "LazyBear" */ = {
			isa = XCConfigurationList;
			buildConfigurations = (
				95B04EBF2521236A000AD27F /* Debug */,
				95B04EC02521236A000AD27F /* Release */,
			);
			defaultConfigurationIsVisible = 0;
			defaultConfigurationName = Release;
		};
/* End XCConfigurationList section */

/* Begin XCRemoteSwiftPackageReference section */
		954D996B25A2461B001F7F60 /* XCRemoteSwiftPackageReference "ChartView" */ = {
			isa = XCRemoteSwiftPackageReference;
			repositoryURL = "https://github.com/AppPear/ChartView.git";
			requirement = {
				kind = upToNextMajorVersion;
				minimumVersion = 1.5.4;
			};
		};
/* End XCRemoteSwiftPackageReference section */

/* Begin XCSwiftPackageProductDependency section */
		954D996C25A2461B001F7F60 /* SwiftUICharts */ = {
			isa = XCSwiftPackageProductDependency;
			package = 954D996B25A2461B001F7F60 /* XCRemoteSwiftPackageReference "ChartView" */;
			productName = SwiftUICharts;
		};
/* End XCSwiftPackageProductDependency section */

/* Begin XCVersionGroup section */
		95F7CAF425ADC7B7009E0E7C /* LazyBear.xcdatamodeld */ = {
			isa = XCVersionGroup;
			children = (
				95F7CAF525ADC7B7009E0E7C /* LazyBear.xcdatamodel */,
			);
			currentVersion = 95F7CAF525ADC7B7009E0E7C /* LazyBear.xcdatamodel */;
			path = LazyBear.xcdatamodeld;
			sourceTree = "<group>";
			versionGroupType = wrapper.xcdatamodel;
		};
/* End XCVersionGroup section */
	};
	rootObject = 95B04EA725212369000AD27F /* Project object */;
}
