{
  "object": {
    "pins": [
      {
        "package": "Bazooka",
        "repositoryURL": "https://github.com/denniscm190/Bazooka.git",
        "state": {
          "branch": null,
          "revision": "4ac8be52a434c25d46d2486b66ba33f53ffdddb6",
          "version": "1.0.0"
        }
      },
      {
        "package": "Purchases",
        "repositoryURL": "https://github.com/RevenueCat/purchases-ios.git",
        "state": {
          "branch": null,
          "revision": "2811b25d8f275429e5d001e3990426ebba5147f4",
          "version": "3.11.1"
        }
      },
      {
        "package": "SDWebImage",
        "repositoryURL": "https://github.com/SDWebImage/SDWebImage.git",
        "state": {
          "branch": null,
          "revision": "76dd4b49110b8624317fc128e7fa0d8a252018bc",
          "version": "5.11.1"
        }
      },
      {
        "package": "SDWebImageSwiftUI",
        "repositoryURL": "https://github.com/SDWebImage/SDWebImageSwiftUI.git",
        "state": {
          "branch": null,
          "revision": "cd8625b7cf11a97698e180d28bb7d5d357196678",
          "version": "2.0.2"
        }
      },
      {
        "package": "StockCharts",
        "repositoryURL": "https://github.com/denniscm190/StockCharts.git",
        "state": {
          "branch": null,
          "revision": "4911cd3aa1ab73545ff90553e4dd35513c9c47dd",
          "version": "1.2.3"
        }
      },
      {
        "package": "SwiftlySearch",
        "repositoryURL": "https://github.com/thislooksfun/SwiftlySearch.git",
        "state": {
          "branch": null,
          "revision": "7741806e979e59e9583962da43d09ec92f598026",
          "version": "1.2.4"
        }
      },
      {
        "package": "Introspect",
        "repositoryURL": "https://github.com/siteline/SwiftUI-Introspect.git",
        "state": {
          "branch": null,
          "revision": "2e09be8af614401bc9f87d40093ec19ce56ccaf2",
          "version": "0.1.3"
        }
      }
    ]
  },
  "version": 1
}
