// !$*UTF8*$!
{
	archiveVersion = 1;
	classes = {
	};
	objectVersion = 50;
	objects = {

/* Begin PBXBuildFile section */
		95672B6925DDA2E200DCBE4A /* LazyBearApp.swift in Sources */ = {isa = PBXBuildFile; fileRef = 95672B6825DDA2E200DCBE4A /* LazyBearApp.swift */; };
		95672B6B25DDA2E200DCBE4A /* ContentView.swift in Sources */ = {isa = PBXBuildFile; fileRef = 95672B6A25DDA2E200DCBE4A /* ContentView.swift */; };
		95672B6D25DDA2E200DCBE4A /* Assets.xcassets in Resources */ = {isa = PBXBuildFile; fileRef = 95672B6C25DDA2E200DCBE4A /* Assets.xcassets */; };
		95672B7025DDA2E200DCBE4A /* Preview Assets.xcassets in Resources */ = {isa = PBXBuildFile; fileRef = 95672B6F25DDA2E200DCBE4A /* Preview Assets.xcassets */; };
		95672B7225DDA2E200DCBE4A /* Persistence.swift in Sources */ = {isa = PBXBuildFile; fileRef = 95672B7125DDA2E200DCBE4A /* Persistence.swift */; };
		95672B7525DDA2E200DCBE4A /* LazyBear.xcdatamodeld in Sources */ = {isa = PBXBuildFile; fileRef = 95672B7325DDA2E200DCBE4A /* LazyBear.xcdatamodeld */; };
/* End PBXBuildFile section */

/* Begin PBXFileReference section */
		95672B6525DDA2E200DCBE4A /* LazyBear.app */ = {isa = PBXFileReference; explicitFileType = wrapper.application; includeInIndex = 0; path = LazyBear.app; sourceTree = BUILT_PRODUCTS_DIR; };
		95672B6825DDA2E200DCBE4A /* LazyBearApp.swift */ = {isa = PBXFileReference; lastKnownFileType = sourcecode.swift; path = LazyBearApp.swift; sourceTree = "<group>"; };
		95672B6A25DDA2E200DCBE4A /* ContentView.swift */ = {isa = PBXFileReference; lastKnownFileType = sourcecode.swift; path = ContentView.swift; sourceTree = "<group>"; };
		95672B6C25DDA2E200DCBE4A /* Assets.xcassets */ = {isa = PBXFileReference; lastKnownFileType = folder.assetcatalog; path = Assets.xcassets; sourceTree = "<group>"; };
		95672B6F25DDA2E200DCBE4A /* Preview Assets.xcassets */ = {isa = PBXFileReference; lastKnownFileType = folder.assetcatalog; path = "Preview Assets.xcassets"; sourceTree = "<group>"; };
		95672B7125DDA2E200DCBE4A /* Persistence.swift */ = {isa = PBXFileReference; lastKnownFileType = sourcecode.swift; path = Persistence.swift; sourceTree = "<group>"; };
		95672B7425DDA2E200DCBE4A /* LazyBear.xcdatamodel */ = {isa = PBXFileReference; lastKnownFileType = wrapper.xcdatamodel; path = LazyBear.xcdatamodel; sourceTree = "<group>"; };
		95672B7625DDA2E200DCBE4A /* Info.plist */ = {isa = PBXFileReference; lastKnownFileType = text.plist.xml; path = Info.plist; sourceTree = "<group>"; };
		95672B7F25DDA36E00DCBE4A /* Production.xcconfig */ = {isa = PBXFileReference; lastKnownFileType = text.xcconfig; path = Production.xcconfig; sourceTree = "<group>"; };
		95672B8025DDA37500DCBE4A /* Sandbox.xcconfig */ = {isa = PBXFileReference; lastKnownFileType = text.xcconfig; path = Sandbox.xcconfig; sourceTree = "<group>"; };
/* End PBXFileReference section */

/* Begin PBXFrameworksBuildPhase section */
		95672B6225DDA2E200DCBE4A /* Frameworks */ = {
			isa = PBXFrameworksBuildPhase;
			buildActionMask = 2147483647;
			files = (
			);
			runOnlyForDeploymentPostprocessing = 0;
		};
/* End PBXFrameworksBuildPhase section */

/* Begin PBXGroup section */
		95672B5C25DDA2E200DCBE4A = {
			isa = PBXGroup;
			children = (
				95672B6725DDA2E200DCBE4A /* LazyBear */,
				95672B6625DDA2E200DCBE4A /* Products */,
			);
			sourceTree = "<group>";
		};
		95672B6625DDA2E200DCBE4A /* Products */ = {
			isa = PBXGroup;
			children = (
				95672B6525DDA2E200DCBE4A /* LazyBear.app */,
			);
			name = Products;
			sourceTree = "<group>";
		};
		95672B6725DDA2E200DCBE4A /* LazyBear */ = {
			isa = PBXGroup;
			children = (
				95672B6825DDA2E200DCBE4A /* LazyBearApp.swift */,
				95672B6A25DDA2E200DCBE4A /* ContentView.swift */,
				95672B6C25DDA2E200DCBE4A /* Assets.xcassets */,
				95672B7125DDA2E200DCBE4A /* Persistence.swift */,
				95672B7625DDA2E200DCBE4A /* Info.plist */,
				95672B7325DDA2E200DCBE4A /* LazyBear.xcdatamodeld */,
				95672B6E25DDA2E200DCBE4A /* Preview Content */,
				95672B7F25DDA36E00DCBE4A /* Production.xcconfig */,
				95672B8025DDA37500DCBE4A /* Sandbox.xcconfig */,
			);
			path = LazyBear;
			sourceTree = "<group>";
		};
		95672B6E25DDA2E200DCBE4A /* Preview Content */ = {
			isa = PBXGroup;
			children = (
				95672B6F25DDA2E200DCBE4A /* Preview Assets.xcassets */,
			);
			path = "Preview Content";
			sourceTree = "<group>";
		};
/* End PBXGroup section */

/* Begin PBXNativeTarget section */
		95672B6425DDA2E200DCBE4A /* LazyBear */ = {
			isa = PBXNativeTarget;
			buildConfigurationList = 95672B7925DDA2E200DCBE4A /* Build configuration list for PBXNativeTarget "LazyBear" */;
			buildPhases = (
				95672B6125DDA2E200DCBE4A /* Sources */,
				95672B6225DDA2E200DCBE4A /* Frameworks */,
				95672B6325DDA2E200DCBE4A /* Resources */,
			);
			buildRules = (
			);
			dependencies = (
			);
			name = LazyBear;
			productName = LazyBear;
			productReference = 95672B6525DDA2E200DCBE4A /* LazyBear.app */;
			productType = "com.apple.product-type.application";
		};
/* End PBXNativeTarget section */

/* Begin PBXProject section */
		95672B5D25DDA2E200DCBE4A /* Project object */ = {
			isa = PBXProject;
			attributes = {
				LastSwiftUpdateCheck = 1240;
				LastUpgradeCheck = 1240;
				TargetAttributes = {
					95672B6425DDA2E200DCBE4A = {
						CreatedOnToolsVersion = 12.4;
					};
				};
			};
			buildConfigurationList = 95672B6025DDA2E200DCBE4A /* Build configuration list for PBXProject "LazyBear" */;
			compatibilityVersion = "Xcode 9.3";
			developmentRegion = en;
			hasScannedForEncodings = 0;
			knownRegions = (
				en,
				Base,
			);
			mainGroup = 95672B5C25DDA2E200DCBE4A;
			productRefGroup = 95672B6625DDA2E200DCBE4A /* Products */;
			projectDirPath = "";
			projectRoot = "";
			targets = (
				95672B6425DDA2E200DCBE4A /* LazyBear */,
			);
		};
/* End PBXProject section */

/* Begin PBXResourcesBuildPhase section */
		95672B6325DDA2E200DCBE4A /* Resources */ = {
			isa = PBXResourcesBuildPhase;
			buildActionMask = 2147483647;
			files = (
				95672B7025DDA2E200DCBE4A /* Preview Assets.xcassets in Resources */,
				95672B6D25DDA2E200DCBE4A /* Assets.xcassets in Resources */,
			);
			runOnlyForDeploymentPostprocessing = 0;
		};
/* End PBXResourcesBuildPhase section */

/* Begin PBXSourcesBuildPhase section */
		95672B6125DDA2E200DCBE4A /* Sources */ = {
			isa = PBXSourcesBuildPhase;
			buildActionMask = 2147483647;
			files = (
				95672B7225DDA2E200DCBE4A /* Persistence.swift in Sources */,
				95672B6B25DDA2E200DCBE4A /* ContentView.swift in Sources */,
				95672B6925DDA2E200DCBE4A /* LazyBearApp.swift in Sources */,
				95672B7525DDA2E200DCBE4A /* LazyBear.xcdatamodeld in Sources */,
			);
			runOnlyForDeploymentPostprocessing = 0;
		};
/* End PBXSourcesBuildPhase section */

/* Begin XCBuildConfiguration section */
		95672B7725DDA2E200DCBE4A /* Debug */ = {
			isa = XCBuildConfiguration;
			buildSettings = {
				ALWAYS_SEARCH_USER_PATHS = NO;
				CLANG_ANALYZER_NONNULL = YES;
				CLANG_ANALYZER_NUMBER_OBJECT_CONVERSION = YES_AGGRESSIVE;
				CLANG_CXX_LANGUAGE_STANDARD = "gnu++14";
				CLANG_CXX_LIBRARY = "libc++";
				CLANG_ENABLE_MODULES = YES;
				CLANG_ENABLE_OBJC_ARC = YES;
				CLANG_ENABLE_OBJC_WEAK = YES;
				CLANG_WARN_BLOCK_CAPTURE_AUTORELEASING = YES;
				CLANG_WARN_BOOL_CONVERSION = YES;
				CLANG_WARN_COMMA = YES;
				CLANG_WARN_CONSTANT_CONVERSION = YES;
				CLANG_WARN_DEPRECATED_OBJC_IMPLEMENTATIONS = YES;
				CLANG_WARN_DIRECT_OBJC_ISA_USAGE = YES_ERROR;
				CLANG_WARN_DOCUMENTATION_COMMENTS = YES;
				CLANG_WARN_EMPTY_BODY = YES;
				CLANG_WARN_ENUM_CONVERSION = YES;
				CLANG_WARN_INFINITE_RECURSION = YES;
				CLANG_WARN_INT_CONVERSION = YES;
				CLANG_WARN_NON_LITERAL_NULL_CONVERSION = YES;
				CLANG_WARN_OBJC_IMPLICIT_RETAIN_SELF = YES;
				CLANG_WARN_OBJC_LITERAL_CONVERSION = YES;
				CLANG_WARN_OBJC_ROOT_CLASS = YES_ERROR;
				CLANG_WARN_QUOTED_INCLUDE_IN_FRAMEWORK_HEADER = YES;
				CLANG_WARN_RANGE_LOOP_ANALYSIS = YES;
				CLANG_WARN_STRICT_PROTOTYPES = YES;
				CLANG_WARN_SUSPICIOUS_MOVE = YES;
				CLANG_WARN_UNGUARDED_AVAILABILITY = YES_AGGRESSIVE;
				CLANG_WARN_UNREACHABLE_CODE = YES;
				CLANG_WARN__DUPLICATE_METHOD_MATCH = YES;
				COPY_PHASE_STRIP = NO;
				DEBUG_INFORMATION_FORMAT = dwarf;
				ENABLE_STRICT_OBJC_MSGSEND = YES;
				ENABLE_TESTABILITY = YES;
				GCC_C_LANGUAGE_STANDARD = gnu11;
				GCC_DYNAMIC_NO_PIC = NO;
				GCC_NO_COMMON_BLOCKS = YES;
				GCC_OPTIMIZATION_LEVEL = 0;
				GCC_PREPROCESSOR_DEFINITIONS = (
					"DEBUG=1",
					"$(inherited)",
				);
				GCC_WARN_64_TO_32_BIT_CONVERSION = YES;
				GCC_WARN_ABOUT_RETURN_TYPE = YES_ERROR;
				GCC_WARN_UNDECLARED_SELECTOR = YES;
				GCC_WARN_UNINITIALIZED_AUTOS = YES_AGGRESSIVE;
				GCC_WARN_UNUSED_FUNCTION = YES;
				GCC_WARN_UNUSED_VARIABLE = YES;
				IPHONEOS_DEPLOYMENT_TARGET = 14.4;
				MTL_ENABLE_DEBUG_INFO = INCLUDE_SOURCE;
				MTL_FAST_MATH = YES;
				ONLY_ACTIVE_ARCH = YES;
				SDKROOT = iphoneos;
				SWIFT_ACTIVE_COMPILATION_CONDITIONS = DEBUG;
				SWIFT_OPTIMIZATION_LEVEL = "-Onone";
			};
			name = Debug;
		};
		95672B7825DDA2E200DCBE4A /* Release */ = {
			isa = XCBuildConfiguration;
			buildSettings = {
				ALWAYS_SEARCH_USER_PATHS = NO;
				CLANG_ANALYZER_NONNULL = YES;
				CLANG_ANALYZER_NUMBER_OBJECT_CONVERSION = YES_AGGRESSIVE;
				CLANG_CXX_LANGUAGE_STANDARD = "gnu++14";
				CLANG_CXX_LIBRARY = "libc++";
				CLANG_ENABLE_MODULES = YES;
				CLANG_ENABLE_OBJC_ARC = YES;
				CLANG_ENABLE_OBJC_WEAK = YES;
				CLANG_WARN_BLOCK_CAPTURE_AUTORELEASING = YES;
				CLANG_WARN_BOOL_CONVERSION = YES;
				CLANG_WARN_COMMA = YES;
				CLANG_WARN_CONSTANT_CONVERSION = YES;
				CLANG_WARN_DEPRECATED_OBJC_IMPLEMENTATIONS = YES;
				CLANG_WARN_DIRECT_OBJC_ISA_USAGE = YES_ERROR;
				CLANG_WARN_DOCUMENTATION_COMMENTS = YES;
				CLANG_WARN_EMPTY_BODY = YES;
				CLANG_WARN_ENUM_CONVERSION = YES;
				CLANG_WARN_INFINITE_RECURSION = YES;
				CLANG_WARN_INT_CONVERSION = YES;
				CLANG_WARN_NON_LITERAL_NULL_CONVERSION = YES;
				CLANG_WARN_OBJC_IMPLICIT_RETAIN_SELF = YES;
				CLANG_WARN_OBJC_LITERAL_CONVERSION = YES;
				CLANG_WARN_OBJC_ROOT_CLASS = YES_ERROR;
				CLANG_WARN_QUOTED_INCLUDE_IN_FRAMEWORK_HEADER = YES;
				CLANG_WARN_RANGE_LOOP_ANALYSIS = YES;
				CLANG_WARN_STRICT_PROTOTYPES = YES;
				CLANG_WARN_SUSPICIOUS_MOVE = YES;
				CLANG_WARN_UNGUARDED_AVAILABILITY = YES_AGGRESSIVE;
				CLANG_WARN_UNREACHABLE_CODE = YES;
				CLANG_WARN__DUPLICATE_METHOD_MATCH = YES;
				COPY_PHASE_STRIP = NO;
				DEBUG_INFORMATION_FORMAT = "dwarf-with-dsym";
				ENABLE_NS_ASSERTIONS = NO;
				ENABLE_STRICT_OBJC_MSGSEND = YES;
				GCC_C_LANGUAGE_STANDARD = gnu11;
				GCC_NO_COMMON_BLOCKS = YES;
				GCC_WARN_64_TO_32_BIT_CONVERSION = YES;
				GCC_WARN_ABOUT_RETURN_TYPE = YES_ERROR;
				GCC_WARN_UNDECLARED_SELECTOR = YES;
				GCC_WARN_UNINITIALIZED_AUTOS = YES_AGGRESSIVE;
				GCC_WARN_UNUSED_FUNCTION = YES;
				GCC_WARN_UNUSED_VARIABLE = YES;
				IPHONEOS_DEPLOYMENT_TARGET = 14.4;
				MTL_ENABLE_DEBUG_INFO = NO;
				MTL_FAST_MATH = YES;
				SDKROOT = iphoneos;
				SWIFT_COMPILATION_MODE = wholemodule;
				SWIFT_OPTIMIZATION_LEVEL = "-O";
				VALIDATE_PRODUCT = YES;
			};
			name = Release;
		};
		95672B7A25DDA2E200DCBE4A /* Debug */ = {
			isa = XCBuildConfiguration;
			buildSettings = {
				ASSETCATALOG_COMPILER_APPICON_NAME = AppIcon;
				ASSETCATALOG_COMPILER_GLOBAL_ACCENT_COLOR_NAME = AccentColor;
				CODE_SIGN_STYLE = Automatic;
				DEVELOPMENT_ASSET_PATHS = "\"LazyBear/Preview Content\"";
				DEVELOPMENT_TEAM = MTX83R5H8X;
				ENABLE_PREVIEWS = YES;
				INFOPLIST_FILE = LazyBear/Info.plist;
				IPHONEOS_DEPLOYMENT_TARGET = 14.0;
				LD_RUNPATH_SEARCH_PATHS = (
					"$(inherited)",
					"@executable_path/Frameworks",
				);
				PRODUCT_BUNDLE_IDENTIFIER = dennis.LazyBear;
				PRODUCT_NAME = "$(TARGET_NAME)";
				SWIFT_VERSION = 5.0;
				TARGETED_DEVICE_FAMILY = "1,2";
			};
			name = Debug;
		};
		95672B7B25DDA2E200DCBE4A /* Release */ = {
			isa = XCBuildConfiguration;
			buildSettings = {
				ASSETCATALOG_COMPILER_APPICON_NAME = AppIcon;
				ASSETCATALOG_COMPILER_GLOBAL_ACCENT_COLOR_NAME = AccentColor;
				CODE_SIGN_STYLE = Automatic;
				DEVELOPMENT_ASSET_PATHS = "\"LazyBear/Preview Content\"";
				DEVELOPMENT_TEAM = MTX83R5H8X;
				ENABLE_PREVIEWS = YES;
				INFOPLIST_FILE = LazyBear/Info.plist;
				IPHONEOS_DEPLOYMENT_TARGET = 14.0;
				LD_RUNPATH_SEARCH_PATHS = (
					"$(inherited)",
					"@executable_path/Frameworks",
				);
				PRODUCT_BUNDLE_IDENTIFIER = dennis.LazyBear;
				PRODUCT_NAME = "$(TARGET_NAME)";
				SWIFT_VERSION = 5.0;
				TARGETED_DEVICE_FAMILY = "1,2";
			};
			name = Release;
		};
/* End XCBuildConfiguration section */

/* Begin XCConfigurationList section */
		95672B6025DDA2E200DCBE4A /* Build configuration list for PBXProject "LazyBear" */ = {
			isa = XCConfigurationList;
			buildConfigurations = (
				95672B7725DDA2E200DCBE4A /* Debug */,
				95672B7825DDA2E200DCBE4A /* Release */,
			);
			defaultConfigurationIsVisible = 0;
			defaultConfigurationName = Release;
		};
		95672B7925DDA2E200DCBE4A /* Build configuration list for PBXNativeTarget "LazyBear" */ = {
			isa = XCConfigurationList;
			buildConfigurations = (
				95672B7A25DDA2E200DCBE4A /* Debug */,
				95672B7B25DDA2E200DCBE4A /* Release */,
			);
			defaultConfigurationIsVisible = 0;
			defaultConfigurationName = Release;
		};
/* End XCConfigurationList section */

/* Begin XCVersionGroup section */
		95672B7325DDA2E200DCBE4A /* LazyBear.xcdatamodeld */ = {
			isa = XCVersionGroup;
			children = (
				95672B7425DDA2E200DCBE4A /* LazyBear.xcdatamodel */,
			);
			currentVersion = 95672B7425DDA2E200DCBE4A /* LazyBear.xcdatamodel */;
			path = LazyBear.xcdatamodeld;
			sourceTree = "<group>";
			versionGroupType = wrapper.xcdatamodel;
		};
/* End XCVersionGroup section */
	};
	rootObject = 95672B5D25DDA2E200DCBE4A /* Project object */;
}
